Microsoft Visual Studio Solution File, Format Version 11.00
# Visual Studio 2010
Project("{2150E333-8FDC-42A3-9474-1A3956D46DE8}") = "(WebKit)", "..\..\..\third_party\WebKit", "{7C6CDB29-38D7-8364-748C-AEAAD8CCFB36}"
EndProject
Project("{2150E333-8FDC-42A3-9474-1A3956D46DE8}") = "(allocator)", "..\..\..\base\allocator", "{6478B9F3-4858-63F4-35F4-98A303E305F3}"
EndProject
Project("{2150E333-8FDC-42A3-9474-1A3956D46DE8}") = "(base)", "..\..\..\ui\base", "{4D091BEB-A76B-E8AB-36FD-0A80BA9DE97D}"
EndProject
Project("{2150E333-8FDC-42A3-9474-1A3956D46DE8}") = "(base)", "..\..\..\base", "{9785FB75-982A-5DE3-252D-3F288B9FEF5B}"
EndProject
Project("{2150E333-8FDC-42A3-9474-1A3956D46DE8}") = "(command_buffer)", "..\..\..\gpu\command_buffer", "{1670CB0B-8AB5-66D9-D715-D2DC1A1CB97F}"
EndProject
Project("{2150E333-8FDC-42A3-9474-1A3956D46DE8}") = "(ffmpeg)", "..\..\..\third_party\ffmpeg", "{F8FCF6CD-4DE1-16F6-65CB-5E6194E8495C}"
EndProject
Project("{2150E333-8FDC-42A3-9474-1A3956D46DE8}") = "(gpu)", "..\..\..\gpu", "{C2E276B7-2737-A889-723C-CE2956B80FB7}"
EndProject
Project("{2150E333-8FDC-42A3-9474-1A3956D46DE8}") = "(icu)", "..\..\..\third_party\icu", "{2DE59335-96CE-10CA-CDE5-FEC35E3549BB}"
EndProject
Project("{2150E333-8FDC-42A3-9474-1A3956D46DE8}") = "(khronos)", "..\..\..\third_party\khronos", "{7522960F-C97E-E7C9-38F2-1B74A395F476}"
EndProject
Project("{2150E333-8FDC-42A3-9474-1A3956D46DE8}") = "(libjpeg_turbo)", "..\..\..\third_party\libjpeg_turbo", "{A9EB8559-7015-13E0-0462-D9901FC693FD}"
EndProject
Project("{2150E333-8FDC-42A3-9474-1A3956D46DE8}") = "(libvpx)", "..\..\..\third_party\libvpx", "{B881B030-1C2B-0D06-F74A-9A16B0B8657E}"
EndProject
Project("{2150E333-8FDC-42A3-9474-1A3956D46DE8}") = "(media)", "..\..\..\media", "{019E1937-61F3-F9EC-47C4-8EB017B64518}"
EndProject
Project("{2150E333-8FDC-42A3-9474-1A3956D46DE8}") = "(mesa)", "..\..\..\third_party\mesa", "{B192C3BB-2B62-1D75-41F4-8F64C08A00D1}"
EndProject
Project("{2150E333-8FDC-42A3-9474-1A3956D46DE8}") = "(net)", "..\..\..\net", "{96A8EC63-88DB-B85C-EEBC-43667C60DEB3}"
EndProject
Project("{2150E333-8FDC-42A3-9474-1A3956D46DE8}") = "(nss)", "..\..\..\net\third_party\nss", "{91989827-5B0C-52D9-1FE9-9553D672A5E7}"
EndProject
Project("{2150E333-8FDC-42A3-9474-1A3956D46DE8}") = "(nss)", "..\..\..\third_party\nss", "{CD014008-1CDB-809B-D770-C67A261539F7}"
EndProject
Project("{2150E333-8FDC-42A3-9474-1A3956D46DE8}") = "(public)", "..\..\..\third_party\WebKit\public", "{7D1F1355-E02E-9573-5185-AFD30F7210BE}"
EndProject
Project("{2150E333-8FDC-42A3-9474-1A3956D46DE8}") = "(skia)", "..\..\..\skia", "{5B17195B-58DF-4533-4FE7-D2747913694E}"
EndProject
Project("{2150E333-8FDC-42A3-9474-1A3956D46DE8}") = "(strings)", "..\..\..\ui\base\strings", "{C7F83F05-8335-05BC-FABC-52BB99106795}"
EndProject
Project("{2150E333-8FDC-42A3-9474-1A3956D46DE8}") = "(surface)", "..\..\..\ui\surface", "{630D0DC5-DAAF-3481-DE5A-A6EF4E73EFC8}"
EndProject
Project("{2150E333-8FDC-42A3-9474-1A3956D46DE8}") = "(testing)", "..\..\..\testing", "{EAC80D00-01D2-3F49-A377-20B7154947F3}"
EndProject
Project("{2150E333-8FDC-42A3-9474-1A3956D46DE8}") = "(third_party)", "..\..\..\base\third_party", "{3E7FA5AF-27B3-2DE0-883C-12F98E7F4E81}"
EndProject
Project("{2150E333-8FDC-42A3-9474-1A3956D46DE8}") = "(third_party)", "..\..\..\net\third_party", "{5A566D8E-9FAB-ED62-0C7C-BD22FF9AF8A2}"
EndProject
Project("{2150E333-8FDC-42A3-9474-1A3956D46DE8}") = "(third_party)", "..\..\..\third_party", "{89C816A7-DD31-D54C-C69C-5A80E0C49B77}"
EndProject
Project("{2150E333-8FDC-42A3-9474-1A3956D46DE8}") = "(ui)", "..\..\..\ui", "{644B7826-0417-C19E-B1ED-C0BF73289DEE}"
EndProject
Project("{2150E333-8FDC-42A3-9474-1A3956D46DE8}") = "(url)", "..\..\..\url", "{ABEA8C02-AF45-C0B0-B874-B7CA283C10FB}"
EndProject
Project("{2150E333-8FDC-42A3-9474-1A3956D46DE8}") = "(yasm)", "..\..\..\third_party\yasm", "{AC6A79C6-25A5-8535-37D4-DCE797519D55}"
EndProject
Project("{8BC9CEB8-8B4A-11D0-8D11-00A0C91BC942}") = "allocator_extension_thunks", "..\..\base\allocator\allocator_extension_thunks.vcxproj", "{F0E20B6B-EB6E-BCE7-1D9F-9EB11718C5B6}"
EndProject
Project("{8BC9CEB8-8B4A-11D0-8D11-00A0C91BC942}") = "base", "..\..\base\base.vcxproj", "{CF1E8EBC-F6EA-A39B-F9F7-560D21934CF3}"
	ProjectSection(ProjectDependencies) = postProject
		{BA14C88B-76DC-68B3-3397-63FCB6AC39BB} = {BA14C88B-76DC-68B3-3397-63FCB6AC39BB}
	EndProjectSection
EndProject
Project("{8BC9CEB8-8B4A-11D0-8D11-00A0C91BC942}") = "base_i18n", "..\..\base\base_i18n.vcxproj", "{4896BD85-82DA-7AFB-A0EA-4F2E926119D7}"
EndProject
Project("{8BC9CEB8-8B4A-11D0-8D11-00A0C91BC942}") = "base_static", "..\..\base\base_static.vcxproj", "{09AFDD25-C013-4714-B227-B7B44F87A6D9}"
EndProject
Project("{8BC9CEB8-8B4A-11D0-8D11-00A0C91BC942}") = "blink_skia_config", "..\..\third_party\WebKit\public\blink_skia_config.vcxproj", "{810F6558-074E-CC0B-02B8-81C1A714DCD8}"
EndProject
Project("{8BC9CEB8-8B4A-11D0-8D11-00A0C91BC942}") = "command_buffer_common", "..\..\gpu\command_buffer_common.vcxproj", "{B8BDB0B0-CED4-68BD-6D8A-3AA3B091FBAF}"
	ProjectSection(ProjectDependencies) = postProject
		{93A77C92-9855-5CB7-AD86-E2389C020763} = {93A77C92-9855-5CB7-AD86-E2389C020763}
	EndProjectSection
EndProject
Project("{8BC9CEB8-8B4A-11D0-8D11-00A0C91BC942}") = "config_sources", "..\..\third_party\yasm\config_sources.vcxproj", "{AB092EFA-2F77-45E3-FE63-6AC3A0D2B9D0}"
EndProject
Project("{8BC9CEB8-8B4A-11D0-8D11-00A0C91BC942}") = "convert_ffmpeg_sources", "..\..\third_party\ffmpeg\convert_ffmpeg_sources.vcxproj", "{FE30392A-BA07-A57C-6E28-3DD5FA9ADE21}"
EndProject
Project("{8BC9CEB8-8B4A-11D0-8D11-00A0C91BC942}") = "crypto", "..\..\crypto\crypto.vcxproj", "{F7630094-41D4-7D40-FC84-CD0D3AB54376}"
EndProject
Project("{8BC9CEB8-8B4A-11D0-8D11-00A0C91BC942}") = "dynamic_annotations", "..\..\base\third_party\dynamic_annotations\dynamic_annotations.vcxproj", "{F01C55AF-ABDF-738A-BED9-935610D5B7D8}"
EndProject
Project("{8BC9CEB8-8B4A-11D0-8D11-00A0C91BC942}") = "ffmpeg", "..\..\third_party\ffmpeg\ffmpeg.vcxproj", "{D7A94F58-576A-45D9-A45F-EB87C63ABBB0}"
	ProjectSection(ProjectDependencies) = postProject
		{219F008C-A955-BDEF-D57E-3FA628D6D433} = {219F008C-A955-BDEF-D57E-3FA628D6D433}
	EndProjectSection
EndProject
Project("{8BC9CEB8-8B4A-11D0-8D11-00A0C91BC942}") = "ffmpeg_yasm", "..\..\third_party\ffmpeg\ffmpeg_yasm.vcxproj", "{D54C4252-9B27-FECC-6D16-A9144798E03E}"
	ProjectSection(ProjectDependencies) = postProject
		{519A6766-4932-AEC1-4472-69C04B4E5CB8} = {519A6766-4932-AEC1-4472-69C04B4E5CB8}
	EndProjectSection
EndProject
Project("{8BC9CEB8-8B4A-11D0-8D11-00A0C91BC942}") = "ffmpegsumo", "..\..\third_party\ffmpeg\ffmpegsumo.vcxproj", "{219F008C-A955-BDEF-D57E-3FA628D6D433}"
	ProjectSection(ProjectDependencies) = postProject
		{FE30392A-BA07-A57C-6E28-3DD5FA9ADE21} = {FE30392A-BA07-A57C-6E28-3DD5FA9ADE21}
		{D54C4252-9B27-FECC-6D16-A9144798E03E} = {D54C4252-9B27-FECC-6D16-A9144798E03E}
	EndProjectSection
EndProject
Project("{8BC9CEB8-8B4A-11D0-8D11-00A0C91BC942}") = "gen_asm_offsets_vp8", "..\..\third_party\libvpx\gen_asm_offsets_vp8.vcxproj", "{62A27074-BC08-EA12-C05C-DE8D1BF303B4}"
	ProjectSection(ProjectDependencies) = postProject
		{D95A9D18-38EE-3C5B-861D-8A97D5344C34} = {D95A9D18-38EE-3C5B-861D-8A97D5344C34}
		{C2AB0A60-4F19-F859-BB9B-1D571352ED7F} = {C2AB0A60-4F19-F859-BB9B-1D571352ED7F}
	EndProjectSection
EndProject
Project("{8BC9CEB8-8B4A-11D0-8D11-00A0C91BC942}") = "generate_files", "..\..\third_party\yasm\generate_files.vcxproj", "{28A6E627-5291-90A9-39F4-938AD8867A90}"
	ProjectSection(ProjectDependencies) = postProject
		{401CBCAD-DF2A-02E4-95C5-08FB630DF9CA} = {401CBCAD-DF2A-02E4-95C5-08FB630DF9CA}
		{6F260692-90F1-E929-BE67-36696CEC632A} = {6F260692-90F1-E929-BE67-36696CEC632A}
	EndProjectSection
EndProject
Project("{8BC9CEB8-8B4A-11D0-8D11-00A0C91BC942}") = "genmacro", "..\..\third_party\yasm\genmacro.vcxproj", "{8AAFE877-1FA5-C196-8C22-52F25F5D704A}"
	ProjectSection(ProjectDependencies) = postProject
		{AB092EFA-2F77-45E3-FE63-6AC3A0D2B9D0} = {AB092EFA-2F77-45E3-FE63-6AC3A0D2B9D0}
	EndProjectSection
EndProject
Project("{8BC9CEB8-8B4A-11D0-8D11-00A0C91BC942}") = "genmodule", "..\..\third_party\yasm\genmodule.vcxproj", "{370A6FE8-2033-7E32-7BBE-22E42D6413F9}"
	ProjectSection(ProjectDependencies) = postProject
		{AB092EFA-2F77-45E3-FE63-6AC3A0D2B9D0} = {AB092EFA-2F77-45E3-FE63-6AC3A0D2B9D0}
	EndProjectSection
EndProject
Project("{8BC9CEB8-8B4A-11D0-8D11-00A0C91BC942}") = "genperf", "..\..\third_party\yasm\genperf.vcxproj", "{401CBCAD-DF2A-02E4-95C5-08FB630DF9CA}"
	ProjectSection(ProjectDependencies) = postProject
		{7ADAB9DC-D6A6-9343-4BD8-44652DB0E4D7} = {7ADAB9DC-D6A6-9343-4BD8-44652DB0E4D7}
		{AB092EFA-2F77-45E3-FE63-6AC3A0D2B9D0} = {AB092EFA-2F77-45E3-FE63-6AC3A0D2B9D0}
	EndProjectSection
EndProject
Project("{8BC9CEB8-8B4A-11D0-8D11-00A0C91BC942}") = "genperf_libs", "..\..\third_party\yasm\genperf_libs.vcxproj", "{7ADAB9DC-D6A6-9343-4BD8-44652DB0E4D7}"
	ProjectSection(ProjectDependencies) = postProject
		{AB092EFA-2F77-45E3-FE63-6AC3A0D2B9D0} = {AB092EFA-2F77-45E3-FE63-6AC3A0D2B9D0}
	EndProjectSection
EndProject
Project("{8BC9CEB8-8B4A-11D0-8D11-00A0C91BC942}") = "genstring", "..\..\third_party\yasm\genstring.vcxproj", "{1AC357F6-5390-AB91-22A9-0EBC066932B7}"
	ProjectSection(ProjectDependencies) = postProject
		{AB092EFA-2F77-45E3-FE63-6AC3A0D2B9D0} = {AB092EFA-2F77-45E3-FE63-6AC3A0D2B9D0}
	EndProjectSection
EndProject
Project("{8BC9CEB8-8B4A-11D0-8D11-00A0C91BC942}") = "genversion", "..\..\third_party\yasm\genversion.vcxproj", "{6F260692-90F1-E929-BE67-36696CEC632A}"
	ProjectSection(ProjectDependencies) = postProject
		{AB092EFA-2F77-45E3-FE63-6AC3A0D2B9D0} = {AB092EFA-2F77-45E3-FE63-6AC3A0D2B9D0}
	EndProjectSection
EndProject
Project("{8BC9CEB8-8B4A-11D0-8D11-00A0C91BC942}") = "gl", "..\gl\gl.vcxproj", "{5EB5A46D-094C-D45F-3F75-E0C377DAB315}"
	ProjectSection(ProjectDependencies) = postProject
		{305BD263-C137-95FB-4F7B-00006E9604DE} = {305BD263-C137-95FB-4F7B-00006E9604DE}
		{C0CA5CD3-DD49-BD4E-C4EF-C10C3DC8C94F} = {C0CA5CD3-DD49-BD4E-C4EF-C10C3DC8C94F}
	EndProjectSection
EndProject
Project("{8BC9CEB8-8B4A-11D0-8D11-00A0C91BC942}") = "gles2_utils", "..\..\gpu\command_buffer\gles2_utils.vcxproj", "{D9F41490-8902-EE01-6278-99033BE05F5D}"
	ProjectSection(ProjectDependencies) = postProject
		{93A77C92-9855-5CB7-AD86-E2389C020763} = {93A77C92-9855-5CB7-AD86-E2389C020763}
	EndProjectSection
EndProject
Project("{8BC9CEB8-8B4A-11D0-8D11-00A0C91BC942}") = "gmock", "..\..\testing\gmock.vcxproj", "{36EA0AF8-DC0F-B5AD-24D4-77055838F91E}"
EndProject
Project("{8BC9CEB8-8B4A-11D0-8D11-00A0C91BC942}") = "gtest", "..\..\testing\gtest.vcxproj", "{604ABE08-640A-44D0-19D7-6A725D021236}"
	ProjectSection(ProjectDependencies) = postProject
		{BA14C88B-76DC-68B3-3397-63FCB6AC39BB} = {BA14C88B-76DC-68B3-3397-63FCB6AC39BB}
	EndProjectSection
EndProject
Project("{8BC9CEB8-8B4A-11D0-8D11-00A0C91BC942}") = "gtest_prod", "..\..\testing\gtest_prod.vcxproj", "{BA14C88B-76DC-68B3-3397-63FCB6AC39BB}"
EndProject
Project("{8BC9CEB8-8B4A-11D0-8D11-00A0C91BC942}") = "icudata", "..\..\third_party\icu\icudata.vcxproj", "{9C154626-8FC0-ACBC-4B2E-B55DC6F87109}"
EndProject
Project("{8BC9CEB8-8B4A-11D0-8D11-00A0C91BC942}") = "icui18n", "..\..\third_party\icu\icui18n.vcxproj", "{5DE2E7EF-7A6E-B820-F93B-A55C301F2F97}"
EndProject
Project("{8BC9CEB8-8B4A-11D0-8D11-00A0C91BC942}") = "icuuc", "..\..\third_party\icu\icuuc.vcxproj", "{0B359E89-96EA-C413-C718-00D1CD1E2BB2}"
	ProjectSection(ProjectDependencies) = postProject
		{9C154626-8FC0-ACBC-4B2E-B55DC6F87109} = {9C154626-8FC0-ACBC-4B2E-B55DC6F87109}
	EndProjectSection
EndProject
Project("{8BC9CEB8-8B4A-11D0-8D11-00A0C91BC942}") = "khronos_headers", "..\..\third_party\khronos\khronos_headers.vcxproj", "{93A77C92-9855-5CB7-AD86-E2389C020763}"
EndProject
Project("{8BC9CEB8-8B4A-11D0-8D11-00A0C91BC942}") = "libjpeg", "..\..\third_party\libjpeg_turbo\libjpeg.vcxproj", "{BDBC60EA-2087-255B-6D11-6AB68ED6A9F5}"
EndProject
Project("{8BC9CEB8-8B4A-11D0-8D11-00A0C91BC942}") = "libpng", "..\..\third_party\libpng\libpng.vcxproj", "{EBF355D6-C32B-EF0F-9E6B-65C2AA2705E8}"
EndProject
Project("{8BC9CEB8-8B4A-11D0-8D11-00A0C91BC942}") = "libssl", "..\..\net\third_party\nss\libssl.vcxproj", "{A273F80D-700C-39AB-CE37-E228DB17641F}"
EndProject
Project("{8BC9CEB8-8B4A-11D0-8D11-00A0C91BC942}") = "libvpx", "..\..\third_party\libvpx\libvpx.vcxproj", "{F0F25180-8991-7057-285E-2E1AA22571A4}"
	ProjectSection(ProjectDependencies) = postProject
		{62A27074-BC08-EA12-C05C-DE8D1BF303B4} = {62A27074-BC08-EA12-C05C-DE8D1BF303B4}
		{519A6766-4932-AEC1-4472-69C04B4E5CB8} = {519A6766-4932-AEC1-4472-69C04B4E5CB8}
	EndProjectSection
EndProject
Project("{8BC9CEB8-8B4A-11D0-8D11-00A0C91BC942}") = "libvpx_asm_offsets_vp8", "..\..\third_party\libvpx\libvpx_asm_offsets_vp8.vcxproj", "{D95A9D18-38EE-3C5B-861D-8A97D5344C34}"
EndProject
Project("{8BC9CEB8-8B4A-11D0-8D11-00A0C91BC942}") = "libvpx_intrinsics_mmx", "..\..\third_party\libvpx\libvpx_intrinsics_mmx.vcxproj", "{566DDF47-B607-9AAB-5843-64BD7D12FC0F}"
EndProject
Project("{8BC9CEB8-8B4A-11D0-8D11-00A0C91BC942}") = "libvpx_intrinsics_sse2", "..\..\third_party\libvpx\libvpx_intrinsics_sse2.vcxproj", "{107209FA-897F-CBA0-FD18-5E86795B3877}"
EndProject
Project("{8BC9CEB8-8B4A-11D0-8D11-00A0C91BC942}") = "libvpx_intrinsics_ssse3", "..\..\third_party\libvpx\libvpx_intrinsics_ssse3.vcxproj", "{1E884472-463D-B5C5-603B-51C20F654D27}"
EndProject
Project("{8BC9CEB8-8B4A-11D0-8D11-00A0C91BC942}") = "libvpx_obj_int_extract", "..\..\third_party\libvpx\libvpx_obj_int_extract.vcxproj", "{C2AB0A60-4F19-F859-BB9B-1D571352ED7F}"
EndProject
Project("{8BC9CEB8-8B4A-11D0-8D11-00A0C91BC942}") = "media", "..\..\media\media.vcxproj", "{DCC5EEE4-30EA-A7D1-C853-9244A392A5E0}"
	ProjectSection(ProjectDependencies) = postProject
		{305BD263-C137-95FB-4F7B-00006E9604DE} = {305BD263-C137-95FB-4F7B-00006E9604DE}
		{D7A94F58-576A-45D9-A45F-EB87C63ABBB0} = {D7A94F58-576A-45D9-A45F-EB87C63ABBB0}
	EndProjectSection
EndProject
Project("{8BC9CEB8-8B4A-11D0-8D11-00A0C91BC942}") = "media_asm", "..\..\media\media_asm.vcxproj", "{75CF1844-5605-7A8E-8E66-7073F947032B}"
	ProjectSection(ProjectDependencies) = postProject
		{519A6766-4932-AEC1-4472-69C04B4E5CB8} = {519A6766-4932-AEC1-4472-69C04B4E5CB8}
	EndProjectSection
EndProject
Project("{8BC9CEB8-8B4A-11D0-8D11-00A0C91BC942}") = "media_mmx", "..\..\media\media_mmx.vcxproj", "{A7AFBE14-EF9A-06AA-696B-4BD3032373BC}"
EndProject
Project("{8BC9CEB8-8B4A-11D0-8D11-00A0C91BC942}") = "media_sse", "..\..\media\media_sse.vcxproj", "{88B25002-D630-DDA5-1684-92E1D7508147}"
EndProject
Project("{8BC9CEB8-8B4A-11D0-8D11-00A0C91BC942}") = "media_sse2", "..\..\media\media_sse2.vcxproj", "{FDAA7A31-BB82-8536-ABA3-AB42E5C5FAD1}"
EndProject
Project("{8BC9CEB8-8B4A-11D0-8D11-00A0C91BC942}") = "mesa_headers", "..\..\third_party\mesa\mesa_headers.vcxproj", "{C0CA5CD3-DD49-BD4E-C4EF-C10C3DC8C94F}"
EndProject
Project("{8BC9CEB8-8B4A-11D0-8D11-00A0C91BC942}") = "modp_b64", "..\..\third_party\modp_b64\modp_b64.vcxproj", "{C3FDB0B2-EC54-F2DA-A664-A7061D1E733F}"
EndProject
Project("{8BC9CEB8-8B4A-11D0-8D11-00A0C91BC942}") = "net", "..\..\net\net.vcxproj", "{122C151F-9563-C9AA-8FB5-10214E846CC4}"
	ProjectSection(ProjectDependencies) = postProject
		{DDE6820B-1D6F-00B1-3634-EFFF24DD3714} = {DDE6820B-1D6F-00B1-3634-EFFF24DD3714}
	EndProjectSection
EndProject
Project("{8BC9CEB8-8B4A-11D0-8D11-00A0C91BC942}") = "net_resources", "..\..\net\net_resources.vcxproj", "{DDE6820B-1D6F-00B1-3634-EFFF24DD3714}"
EndProject
Project("{8BC9CEB8-8B4A-11D0-8D11-00A0C91BC942}") = "nspr", "..\..\third_party\nss\nspr.vcxproj", "{0E7F2CDC-B08A-E976-3AD5-AE01D2A4056F}"
EndProject
Project("{8BC9CEB8-8B4A-11D0-8D11-00A0C91BC942}") = "nss", "..\..\third_party\nss\nss.vcxproj", "{6CCCD96E-01F8-AC31-36CF-B6DFAEE50F8C}"
EndProject
Project("{8BC9CEB8-8B4A-11D0-8D11-00A0C91BC942}") = "nss_static", "..\..\third_party\nss\nss_static.vcxproj", "{AA8E0AC5-DC7E-DEA9-B062-42A8C3F08B69}"
EndProject
Project("{8BC9CEB8-8B4A-11D0-8D11-00A0C91BC942}") = "opus", "..\..\third_party\opus\opus.vcxproj", "{67C17038-E17D-750C-8A1B-83A401C2DA46}"
EndProject
Project("{8BC9CEB8-8B4A-11D0-8D11-00A0C91BC942}") = "re2c", "..\..\third_party\yasm\re2c.vcxproj", "{4887A510-96B9-14A9-BEAF-343A852F5121}"
	ProjectSection(ProjectDependencies) = postProject
		{AB092EFA-2F77-45E3-FE63-6AC3A0D2B9D0} = {AB092EFA-2F77-45E3-FE63-6AC3A0D2B9D0}
	EndProjectSection
EndProject
Project("{8BC9CEB8-8B4A-11D0-8D11-00A0C91BC942}") = "run_all_unittests", "..\..\base\run_all_unittests.vcxproj", "{D397979A-1381-3CEB-9FC3-58713603CE99}"
EndProject
Project("{8BC9CEB8-8B4A-11D0-8D11-00A0C91BC942}") = "sdch", "..\..\sdch\sdch.vcxproj", "{A0E19677-74AC-FC49-6E26-9394DD0A895B}"
EndProject
Project("{8BC9CEB8-8B4A-11D0-8D11-00A0C91BC942}") = "sfntly", "..\..\third_party\sfntly\sfntly.vcxproj", "{47C6C00F-DD89-F072-C8F0-4BAAE9CF8E5F}"
EndProject
Project("{8BC9CEB8-8B4A-11D0-8D11-00A0C91BC942}") = "shared_memory_support", "..\..\media\shared_memory_support.vcxproj", "{366E7A7C-E6CD-B68F-3B64-F712387C95AB}"
EndProject
Project("{8BC9CEB8-8B4A-11D0-8D11-00A0C91BC942}") = "shared_memory_support_sse", "..\..\media\shared_memory_support_sse.vcxproj", "{71D25B4A-618A-4739-1D92-6477BE6D7341}"
EndProject
Project("{8BC9CEB8-8B4A-11D0-8D11-00A0C91BC942}") = "skia", "..\..\skia\skia.vcxproj", "{305BD263-C137-95FB-4F7B-00006E9604DE}"
	ProjectSection(ProjectDependencies) = postProject
		{39375AAD-E9E8-C0B5-251D-8D09DE6C34AB} = {39375AAD-E9E8-C0B5-251D-8D09DE6C34AB}
		{13591A4E-8BB4-6D87-8093-B39C2A16D2B5} = {13591A4E-8BB4-6D87-8093-B39C2A16D2B5}
	EndProjectSection
EndProject
Project("{8BC9CEB8-8B4A-11D0-8D11-00A0C91BC942}") = "skia_chrome", "..\..\skia\skia_chrome.vcxproj", "{13591A4E-8BB4-6D87-8093-B39C2A16D2B5}"
EndProject
Project("{8BC9CEB8-8B4A-11D0-8D11-00A0C91BC942}") = "skia_chrome_opts", "..\..\skia\skia_chrome_opts.vcxproj", "{7FF7991C-8F70-52F2-952D-7298C57301B3}"
EndProject
Project("{8BC9CEB8-8B4A-11D0-8D11-00A0C91BC942}") = "skia_library", "..\..\skia\skia_library.vcxproj", "{39375AAD-E9E8-C0B5-251D-8D09DE6C34AB}"
	ProjectSection(ProjectDependencies) = postProject
		{810F6558-074E-CC0B-02B8-81C1A714DCD8} = {810F6558-074E-CC0B-02B8-81C1A714DCD8}
	EndProjectSection
EndProject
Project("{8BC9CEB8-8B4A-11D0-8D11-00A0C91BC942}") = "skia_opts", "..\..\skia\skia_opts.vcxproj", "{4F9AC148-491F-F65F-8CE8-3B892AC53510}"
EndProject
Project("{8BC9CEB8-8B4A-11D0-8D11-00A0C91BC942}") = "skia_opts_ssse3", "..\..\skia\skia_opts_ssse3.vcxproj", "{DB00C751-5451-DB7D-B58E-9C25E1C63619}"
EndProject
Project("{8BC9CEB8-8B4A-11D0-8D11-00A0C91BC942}") = "sqlite", "..\..\third_party\sqlite\sqlite.vcxproj", "{CB7D5F80-9829-61C1-2B90-DE2ABC352F94}"
EndProject
Project("{8BC9CEB8-8B4A-11D0-8D11-00A0C91BC942}") = "surface", "surface.vcxproj", "{FD65C249-5257-5D38-4D1A-0F7656FDA174}"
	ProjectSection(ProjectDependencies) = postProject
		{305BD263-C137-95FB-4F7B-00006E9604DE} = {305BD263-C137-95FB-4F7B-00006E9604DE}
		{5EB5A46D-094C-D45F-3F75-E0C377DAB315} = {5EB5A46D-094C-D45F-3F75-E0C377DAB315}
	EndProjectSection
EndProject
Project("{8BC9CEB8-8B4A-11D0-8D11-00A0C91BC942}") = "surface_gpu_tests", "surface_gpu_tests.vcxproj", "{34E2E755-5868-9A78-85AF-5B2485186CBB}"
	ProjectSection(ProjectDependencies) = postProject
		{CF1E8EBC-F6EA-A39B-F9F7-560D21934CF3} = {CF1E8EBC-F6EA-A39B-F9F7-560D21934CF3}
		{D397979A-1381-3CEB-9FC3-58713603CE99} = {D397979A-1381-3CEB-9FC3-58713603CE99}
		{DCC5EEE4-30EA-A7D1-C853-9244A392A5E0} = {DCC5EEE4-30EA-A7D1-C853-9244A392A5E0}
		{305BD263-C137-95FB-4F7B-00006E9604DE} = {305BD263-C137-95FB-4F7B-00006E9604DE}
		{604ABE08-640A-44D0-19D7-6A725D021236} = {604ABE08-640A-44D0-19D7-6A725D021236}
		{51DCF8CE-9B59-517E-0A36-3BC0FFEE2490} = {51DCF8CE-9B59-517E-0A36-3BC0FFEE2490}
		{FD65C249-5257-5D38-4D1A-0F7656FDA174} = {FD65C249-5257-5D38-4D1A-0F7656FDA174}
		{09AFDD25-C013-4714-B227-B7B44F87A6D9} = {09AFDD25-C013-4714-B227-B7B44F87A6D9}
		{F0E20B6B-EB6E-BCE7-1D9F-9EB11718C5B6} = {F0E20B6B-EB6E-BCE7-1D9F-9EB11718C5B6}
		{BA14C88B-76DC-68B3-3397-63FCB6AC39BB} = {BA14C88B-76DC-68B3-3397-63FCB6AC39BB}
		{C3FDB0B2-EC54-F2DA-A664-A7061D1E733F} = {C3FDB0B2-EC54-F2DA-A664-A7061D1E733F}
		{F01C55AF-ABDF-738A-BED9-935610D5B7D8} = {F01C55AF-ABDF-738A-BED9-935610D5B7D8}
		{0052CC6C-FC72-B51F-BD3F-949F29A93F71} = {0052CC6C-FC72-B51F-BD3F-949F29A93F71}
		{4896BD85-82DA-7AFB-A0EA-4F2E926119D7} = {4896BD85-82DA-7AFB-A0EA-4F2E926119D7}
		{5DE2E7EF-7A6E-B820-F93B-A55C301F2F97} = {5DE2E7EF-7A6E-B820-F93B-A55C301F2F97}
		{0B359E89-96EA-C413-C718-00D1CD1E2BB2} = {0B359E89-96EA-C413-C718-00D1CD1E2BB2}
		{9C154626-8FC0-ACBC-4B2E-B55DC6F87109} = {9C154626-8FC0-ACBC-4B2E-B55DC6F87109}
		{36EA0AF8-DC0F-B5AD-24D4-77055838F91E} = {36EA0AF8-DC0F-B5AD-24D4-77055838F91E}
		{F7630094-41D4-7D40-FC84-CD0D3AB54376} = {F7630094-41D4-7D40-FC84-CD0D3AB54376}
		{0E7F2CDC-B08A-E976-3AD5-AE01D2A4056F} = {0E7F2CDC-B08A-E976-3AD5-AE01D2A4056F}
		{6CCCD96E-01F8-AC31-36CF-B6DFAEE50F8C} = {6CCCD96E-01F8-AC31-36CF-B6DFAEE50F8C}
		{AA8E0AC5-DC7E-DEA9-B062-42A8C3F08B69} = {AA8E0AC5-DC7E-DEA9-B062-42A8C3F08B69}
		{CB7D5F80-9829-61C1-2B90-DE2ABC352F94} = {CB7D5F80-9829-61C1-2B90-DE2ABC352F94}
		{39375AAD-E9E8-C0B5-251D-8D09DE6C34AB} = {39375AAD-E9E8-C0B5-251D-8D09DE6C34AB}
		{4F9AC148-491F-F65F-8CE8-3B892AC53510} = {4F9AC148-491F-F65F-8CE8-3B892AC53510}
		{DB00C751-5451-DB7D-B58E-9C25E1C63619} = {DB00C751-5451-DB7D-B58E-9C25E1C63619}
		{9C070BC5-F387-27CA-B8A7-2700ED552864} = {9C070BC5-F387-27CA-B8A7-2700ED552864}
		{47C6C00F-DD89-F072-C8F0-4BAAE9CF8E5F} = {47C6C00F-DD89-F072-C8F0-4BAAE9CF8E5F}
		{810F6558-074E-CC0B-02B8-81C1A714DCD8} = {810F6558-074E-CC0B-02B8-81C1A714DCD8}
		{13591A4E-8BB4-6D87-8093-B39C2A16D2B5} = {13591A4E-8BB4-6D87-8093-B39C2A16D2B5}
		{7FF7991C-8F70-52F2-952D-7298C57301B3} = {7FF7991C-8F70-52F2-952D-7298C57301B3}
		{67C17038-E17D-750C-8A1B-83A401C2DA46} = {67C17038-E17D-750C-8A1B-83A401C2DA46}
		{122C151F-9563-C9AA-8FB5-10214E846CC4} = {122C151F-9563-C9AA-8FB5-10214E846CC4}
		{A0E19677-74AC-FC49-6E26-9394DD0A895B} = {A0E19677-74AC-FC49-6E26-9394DD0A895B}
		{27F59D87-B1F9-8F27-8FC5-7BD085FBCFE8} = {27F59D87-B1F9-8F27-8FC5-7BD085FBCFE8}
		{DDE6820B-1D6F-00B1-3634-EFFF24DD3714} = {DDE6820B-1D6F-00B1-3634-EFFF24DD3714}
		{A273F80D-700C-39AB-CE37-E228DB17641F} = {A273F80D-700C-39AB-CE37-E228DB17641F}
		{EBF355D6-C32B-EF0F-9E6B-65C2AA2705E8} = {EBF355D6-C32B-EF0F-9E6B-65C2AA2705E8}
		{19683F20-9A6C-8C4B-CE77-28C899F2C0BA} = {19683F20-9A6C-8C4B-CE77-28C899F2C0BA}
		{069493C7-53F0-3C95-A021-BC03FBB5FBA1} = {069493C7-53F0-3C95-A021-BC03FBB5FBA1}
		{BDBC60EA-2087-255B-6D11-6AB68ED6A9F5} = {BDBC60EA-2087-255B-6D11-6AB68ED6A9F5}
		{B8BDB0B0-CED4-68BD-6D8A-3AA3B091FBAF} = {B8BDB0B0-CED4-68BD-6D8A-3AA3B091FBAF}
		{D9F41490-8902-EE01-6278-99033BE05F5D} = {D9F41490-8902-EE01-6278-99033BE05F5D}
		{93A77C92-9855-5CB7-AD86-E2389C020763} = {93A77C92-9855-5CB7-AD86-E2389C020763}
		{366E7A7C-E6CD-B68F-3B64-F712387C95AB} = {366E7A7C-E6CD-B68F-3B64-F712387C95AB}
		{71D25B4A-618A-4739-1D92-6477BE6D7341} = {71D25B4A-618A-4739-1D92-6477BE6D7341}
		{D7A94F58-576A-45D9-A45F-EB87C63ABBB0} = {D7A94F58-576A-45D9-A45F-EB87C63ABBB0}
		{F0F25180-8991-7057-285E-2E1AA22571A4} = {F0F25180-8991-7057-285E-2E1AA22571A4}
		{62A27074-BC08-EA12-C05C-DE8D1BF303B4} = {62A27074-BC08-EA12-C05C-DE8D1BF303B4}
		{D95A9D18-38EE-3C5B-861D-8A97D5344C34} = {D95A9D18-38EE-3C5B-861D-8A97D5344C34}
		{566DDF47-B607-9AAB-5843-64BD7D12FC0F} = {566DDF47-B607-9AAB-5843-64BD7D12FC0F}
		{107209FA-897F-CBA0-FD18-5E86795B3877} = {107209FA-897F-CBA0-FD18-5E86795B3877}
		{1E884472-463D-B5C5-603B-51C20F654D27} = {1E884472-463D-B5C5-603B-51C20F654D27}
		{75CF1844-5605-7A8E-8E66-7073F947032B} = {75CF1844-5605-7A8E-8E66-7073F947032B}
		{A7AFBE14-EF9A-06AA-696B-4BD3032373BC} = {A7AFBE14-EF9A-06AA-696B-4BD3032373BC}
		{88B25002-D630-DDA5-1684-92E1D7508147} = {88B25002-D630-DDA5-1684-92E1D7508147}
		{FDAA7A31-BB82-8536-ABA3-AB42E5C5FAD1} = {FDAA7A31-BB82-8536-ABA3-AB42E5C5FAD1}
		{5EB5A46D-094C-D45F-3F75-E0C377DAB315} = {5EB5A46D-094C-D45F-3F75-E0C377DAB315}
		{C0CA5CD3-DD49-BD4E-C4EF-C10C3DC8C94F} = {C0CA5CD3-DD49-BD4E-C4EF-C10C3DC8C94F}
	EndProjectSection
EndProject
Project("{8BC9CEB8-8B4A-11D0-8D11-00A0C91BC942}") = "test_support_base", "..\..\base\test_support_base.vcxproj", "{0052CC6C-FC72-B51F-BD3F-949F29A93F71}"
EndProject
Project("{8BC9CEB8-8B4A-11D0-8D11-00A0C91BC942}") = "ui", "..\ui.vcxproj", "{51DCF8CE-9B59-517E-0A36-3BC0FFEE2490}"
	ProjectSection(ProjectDependencies) = postProject
		{305BD263-C137-95FB-4F7B-00006E9604DE} = {305BD263-C137-95FB-4F7B-00006E9604DE}
		{19683F20-9A6C-8C4B-CE77-28C899F2C0BA} = {19683F20-9A6C-8C4B-CE77-28C899F2C0BA}
		{069493C7-53F0-3C95-A021-BC03FBB5FBA1} = {069493C7-53F0-3C95-A021-BC03FBB5FBA1}
	EndProjectSection
EndProject
Project("{8BC9CEB8-8B4A-11D0-8D11-00A0C91BC942}") = "ui_resources", "..\ui_resources.vcxproj", "{069493C7-53F0-3C95-A021-BC03FBB5FBA1}"
EndProject
Project("{8BC9CEB8-8B4A-11D0-8D11-00A0C91BC942}") = "ui_strings", "..\base\strings\ui_strings.vcxproj", "{19683F20-9A6C-8C4B-CE77-28C899F2C0BA}"
EndProject
Project("{8BC9CEB8-8B4A-11D0-8D11-00A0C91BC942}") = "url_lib", "..\..\url\url_lib.vcxproj", "{27F59D87-B1F9-8F27-8FC5-7BD085FBCFE8}"
	ProjectSection(ProjectDependencies) = postProject
		{9C154626-8FC0-ACBC-4B2E-B55DC6F87109} = {9C154626-8FC0-ACBC-4B2E-B55DC6F87109}
	EndProjectSection
EndProject
Project("{8BC9CEB8-8B4A-11D0-8D11-00A0C91BC942}") = "yasm", "..\..\third_party\yasm\yasm.vcxproj", "{519A6766-4932-AEC1-4472-69C04B4E5CB8}"
	ProjectSection(ProjectDependencies) = postProject
		{AB092EFA-2F77-45E3-FE63-6AC3A0D2B9D0} = {AB092EFA-2F77-45E3-FE63-6AC3A0D2B9D0}
		{8AAFE877-1FA5-C196-8C22-52F25F5D704A} = {8AAFE877-1FA5-C196-8C22-52F25F5D704A}
		{370A6FE8-2033-7E32-7BBE-22E42D6413F9} = {370A6FE8-2033-7E32-7BBE-22E42D6413F9}
		{401CBCAD-DF2A-02E4-95C5-08FB630DF9CA} = {401CBCAD-DF2A-02E4-95C5-08FB630DF9CA}
		{7ADAB9DC-D6A6-9343-4BD8-44652DB0E4D7} = {7ADAB9DC-D6A6-9343-4BD8-44652DB0E4D7}
		{28A6E627-5291-90A9-39F4-938AD8867A90} = {28A6E627-5291-90A9-39F4-938AD8867A90}
		{1AC357F6-5390-AB91-22A9-0EBC066932B7} = {1AC357F6-5390-AB91-22A9-0EBC066932B7}
		{4887A510-96B9-14A9-BEAF-343A852F5121} = {4887A510-96B9-14A9-BEAF-343A852F5121}
	EndProjectSection
EndProject
Project("{8BC9CEB8-8B4A-11D0-8D11-00A0C91BC942}") = "zlib", "..\..\third_party\zlib\zlib.vcxproj", "{9C070BC5-F387-27CA-B8A7-2700ED552864}"
EndProject
Global
	GlobalSection(SolutionConfigurationPlatforms) = preSolution
		Release|x64 = Release|x64
		Debug|Win32 = Debug|Win32
		Debug|x64 = Debug|x64
		Release|Win32 = Release|Win32
	EndGlobalSection
	GlobalSection(ProjectConfigurationPlatforms) = postSolution
		{0052CC6C-FC72-B51F-BD3F-949F29A93F71}.Release|x64.ActiveCfg = Release|x64
		{0052CC6C-FC72-B51F-BD3F-949F29A93F71}.Release|x64.Build.0 = Release|x64
		{0052CC6C-FC72-B51F-BD3F-949F29A93F71}.Debug|Win32.ActiveCfg = Debug|Win32
		{0052CC6C-FC72-B51F-BD3F-949F29A93F71}.Debug|Win32.Build.0 = Debug|Win32
		{0052CC6C-FC72-B51F-BD3F-949F29A93F71}.Debug|x64.ActiveCfg = Debug|x64
		{0052CC6C-FC72-B51F-BD3F-949F29A93F71}.Debug|x64.Build.0 = Debug|x64
		{0052CC6C-FC72-B51F-BD3F-949F29A93F71}.Release|Win32.ActiveCfg = Release|Win32
		{0052CC6C-FC72-B51F-BD3F-949F29A93F71}.Release|Win32.Build.0 = Release|Win32
		{069493C7-53F0-3C95-A021-BC03FBB5FBA1}.Release|x64.ActiveCfg = Release|x64
		{069493C7-53F0-3C95-A021-BC03FBB5FBA1}.Release|x64.Build.0 = Release|x64
		{069493C7-53F0-3C95-A021-BC03FBB5FBA1}.Debug|Win32.ActiveCfg = Debug|Win32
		{069493C7-53F0-3C95-A021-BC03FBB5FBA1}.Debug|Win32.Build.0 = Debug|Win32
		{069493C7-53F0-3C95-A021-BC03FBB5FBA1}.Debug|x64.ActiveCfg = Debug|x64
		{069493C7-53F0-3C95-A021-BC03FBB5FBA1}.Debug|x64.Build.0 = Debug|x64
		{069493C7-53F0-3C95-A021-BC03FBB5FBA1}.Release|Win32.ActiveCfg = Release|Win32
		{069493C7-53F0-3C95-A021-BC03FBB5FBA1}.Release|Win32.Build.0 = Release|Win32
		{09AFDD25-C013-4714-B227-B7B44F87A6D9}.Release|x64.ActiveCfg = Release|x64
		{09AFDD25-C013-4714-B227-B7B44F87A6D9}.Release|x64.Build.0 = Release|x64
		{09AFDD25-C013-4714-B227-B7B44F87A6D9}.Debug|Win32.ActiveCfg = Debug|Win32
		{09AFDD25-C013-4714-B227-B7B44F87A6D9}.Debug|Win32.Build.0 = Debug|Win32
		{09AFDD25-C013-4714-B227-B7B44F87A6D9}.Debug|x64.ActiveCfg = Debug|x64
		{09AFDD25-C013-4714-B227-B7B44F87A6D9}.Debug|x64.Build.0 = Debug|x64
		{09AFDD25-C013-4714-B227-B7B44F87A6D9}.Release|Win32.ActiveCfg = Release|Win32
		{09AFDD25-C013-4714-B227-B7B44F87A6D9}.Release|Win32.Build.0 = Release|Win32
		{0B359E89-96EA-C413-C718-00D1CD1E2BB2}.Release|x64.ActiveCfg = Release|x64
		{0B359E89-96EA-C413-C718-00D1CD1E2BB2}.Release|x64.Build.0 = Release|x64
		{0B359E89-96EA-C413-C718-00D1CD1E2BB2}.Debug|Win32.ActiveCfg = Debug|Win32
		{0B359E89-96EA-C413-C718-00D1CD1E2BB2}.Debug|Win32.Build.0 = Debug|Win32
		{0B359E89-96EA-C413-C718-00D1CD1E2BB2}.Debug|x64.ActiveCfg = Debug|x64
		{0B359E89-96EA-C413-C718-00D1CD1E2BB2}.Debug|x64.Build.0 = Debug|x64
		{0B359E89-96EA-C413-C718-00D1CD1E2BB2}.Release|Win32.ActiveCfg = Release|Win32
		{0B359E89-96EA-C413-C718-00D1CD1E2BB2}.Release|Win32.Build.0 = Release|Win32
		{0E7F2CDC-B08A-E976-3AD5-AE01D2A4056F}.Release|x64.ActiveCfg = Release|x64
		{0E7F2CDC-B08A-E976-3AD5-AE01D2A4056F}.Release|x64.Build.0 = Release|x64
		{0E7F2CDC-B08A-E976-3AD5-AE01D2A4056F}.Debug|Win32.ActiveCfg = Debug|Win32
		{0E7F2CDC-B08A-E976-3AD5-AE01D2A4056F}.Debug|Win32.Build.0 = Debug|Win32
		{0E7F2CDC-B08A-E976-3AD5-AE01D2A4056F}.Debug|x64.ActiveCfg = Debug|x64
		{0E7F2CDC-B08A-E976-3AD5-AE01D2A4056F}.Debug|x64.Build.0 = Debug|x64
		{0E7F2CDC-B08A-E976-3AD5-AE01D2A4056F}.Release|Win32.ActiveCfg = Release|Win32
		{0E7F2CDC-B08A-E976-3AD5-AE01D2A4056F}.Release|Win32.Build.0 = Release|Win32
		{107209FA-897F-CBA0-FD18-5E86795B3877}.Release|x64.ActiveCfg = Release|x64
		{107209FA-897F-CBA0-FD18-5E86795B3877}.Release|x64.Build.0 = Release|x64
		{107209FA-897F-CBA0-FD18-5E86795B3877}.Debug|Win32.ActiveCfg = Debug|Win32
		{107209FA-897F-CBA0-FD18-5E86795B3877}.Debug|Win32.Build.0 = Debug|Win32
		{107209FA-897F-CBA0-FD18-5E86795B3877}.Debug|x64.ActiveCfg = Debug|x64
		{107209FA-897F-CBA0-FD18-5E86795B3877}.Debug|x64.Build.0 = Debug|x64
		{107209FA-897F-CBA0-FD18-5E86795B3877}.Release|Win32.ActiveCfg = Release|Win32
		{107209FA-897F-CBA0-FD18-5E86795B3877}.Release|Win32.Build.0 = Release|Win32
		{122C151F-9563-C9AA-8FB5-10214E846CC4}.Release|x64.ActiveCfg = Release|x64
		{122C151F-9563-C9AA-8FB5-10214E846CC4}.Release|x64.Build.0 = Release|x64
		{122C151F-9563-C9AA-8FB5-10214E846CC4}.Debug|Win32.ActiveCfg = Debug|Win32
		{122C151F-9563-C9AA-8FB5-10214E846CC4}.Debug|Win32.Build.0 = Debug|Win32
		{122C151F-9563-C9AA-8FB5-10214E846CC4}.Debug|x64.ActiveCfg = Debug|x64
		{122C151F-9563-C9AA-8FB5-10214E846CC4}.Debug|x64.Build.0 = Debug|x64
		{122C151F-9563-C9AA-8FB5-10214E846CC4}.Release|Win32.ActiveCfg = Release|Win32
		{122C151F-9563-C9AA-8FB5-10214E846CC4}.Release|Win32.Build.0 = Release|Win32
		{13591A4E-8BB4-6D87-8093-B39C2A16D2B5}.Release|x64.ActiveCfg = Release|x64
		{13591A4E-8BB4-6D87-8093-B39C2A16D2B5}.Release|x64.Build.0 = Release|x64
		{13591A4E-8BB4-6D87-8093-B39C2A16D2B5}.Debug|Win32.ActiveCfg = Debug|Win32
		{13591A4E-8BB4-6D87-8093-B39C2A16D2B5}.Debug|Win32.Build.0 = Debug|Win32
		{13591A4E-8BB4-6D87-8093-B39C2A16D2B5}.Debug|x64.ActiveCfg = Debug|x64
		{13591A4E-8BB4-6D87-8093-B39C2A16D2B5}.Debug|x64.Build.0 = Debug|x64
		{13591A4E-8BB4-6D87-8093-B39C2A16D2B5}.Release|Win32.ActiveCfg = Release|Win32
		{13591A4E-8BB4-6D87-8093-B39C2A16D2B5}.Release|Win32.Build.0 = Release|Win32
		{19683F20-9A6C-8C4B-CE77-28C899F2C0BA}.Release|x64.ActiveCfg = Release|x64
		{19683F20-9A6C-8C4B-CE77-28C899F2C0BA}.Release|x64.Build.0 = Release|x64
		{19683F20-9A6C-8C4B-CE77-28C899F2C0BA}.Debug|Win32.ActiveCfg = Debug|Win32
		{19683F20-9A6C-8C4B-CE77-28C899F2C0BA}.Debug|Win32.Build.0 = Debug|Win32
		{19683F20-9A6C-8C4B-CE77-28C899F2C0BA}.Debug|x64.ActiveCfg = Debug|x64
		{19683F20-9A6C-8C4B-CE77-28C899F2C0BA}.Debug|x64.Build.0 = Debug|x64
		{19683F20-9A6C-8C4B-CE77-28C899F2C0BA}.Release|Win32.ActiveCfg = Release|Win32
		{19683F20-9A6C-8C4B-CE77-28C899F2C0BA}.Release|Win32.Build.0 = Release|Win32
		{1AC357F6-5390-AB91-22A9-0EBC066932B7}.Release|x64.ActiveCfg = Release|x64
		{1AC357F6-5390-AB91-22A9-0EBC066932B7}.Release|x64.Build.0 = Release|x64
		{1AC357F6-5390-AB91-22A9-0EBC066932B7}.Debug|Win32.ActiveCfg = Debug|Win32
		{1AC357F6-5390-AB91-22A9-0EBC066932B7}.Debug|Win32.Build.0 = Debug|Win32
		{1AC357F6-5390-AB91-22A9-0EBC066932B7}.Debug|x64.ActiveCfg = Debug|x64
		{1AC357F6-5390-AB91-22A9-0EBC066932B7}.Debug|x64.Build.0 = Debug|x64
		{1AC357F6-5390-AB91-22A9-0EBC066932B7}.Release|Win32.ActiveCfg = Release|Win32
		{1AC357F6-5390-AB91-22A9-0EBC066932B7}.Release|Win32.Build.0 = Release|Win32
		{1E884472-463D-B5C5-603B-51C20F654D27}.Release|x64.ActiveCfg = Release|x64
		{1E884472-463D-B5C5-603B-51C20F654D27}.Release|x64.Build.0 = Release|x64
		{1E884472-463D-B5C5-603B-51C20F654D27}.Debug|Win32.ActiveCfg = Debug|Win32
		{1E884472-463D-B5C5-603B-51C20F654D27}.Debug|Win32.Build.0 = Debug|Win32
		{1E884472-463D-B5C5-603B-51C20F654D27}.Debug|x64.ActiveCfg = Debug|x64
		{1E884472-463D-B5C5-603B-51C20F654D27}.Debug|x64.Build.0 = Debug|x64
		{1E884472-463D-B5C5-603B-51C20F654D27}.Release|Win32.ActiveCfg = Release|Win32
		{1E884472-463D-B5C5-603B-51C20F654D27}.Release|Win32.Build.0 = Release|Win32
		{219F008C-A955-BDEF-D57E-3FA628D6D433}.Release|x64.ActiveCfg = Release|x64
		{219F008C-A955-BDEF-D57E-3FA628D6D433}.Release|x64.Build.0 = Release|x64
		{219F008C-A955-BDEF-D57E-3FA628D6D433}.Debug|Win32.ActiveCfg = Debug|Win32
		{219F008C-A955-BDEF-D57E-3FA628D6D433}.Debug|Win32.Build.0 = Debug|Win32
		{219F008C-A955-BDEF-D57E-3FA628D6D433}.Debug|x64.ActiveCfg = Debug|x64
		{219F008C-A955-BDEF-D57E-3FA628D6D433}.Debug|x64.Build.0 = Debug|x64
		{219F008C-A955-BDEF-D57E-3FA628D6D433}.Release|Win32.ActiveCfg = Release|Win32
		{219F008C-A955-BDEF-D57E-3FA628D6D433}.Release|Win32.Build.0 = Release|Win32
		{27F59D87-B1F9-8F27-8FC5-7BD085FBCFE8}.Release|x64.ActiveCfg = Release|x64
		{27F59D87-B1F9-8F27-8FC5-7BD085FBCFE8}.Release|x64.Build.0 = Release|x64
		{27F59D87-B1F9-8F27-8FC5-7BD085FBCFE8}.Debug|Win32.ActiveCfg = Debug|Win32
		{27F59D87-B1F9-8F27-8FC5-7BD085FBCFE8}.Debug|Win32.Build.0 = Debug|Win32
		{27F59D87-B1F9-8F27-8FC5-7BD085FBCFE8}.Debug|x64.ActiveCfg = Debug|x64
		{27F59D87-B1F9-8F27-8FC5-7BD085FBCFE8}.Debug|x64.Build.0 = Debug|x64
		{27F59D87-B1F9-8F27-8FC5-7BD085FBCFE8}.Release|Win32.ActiveCfg = Release|Win32
		{27F59D87-B1F9-8F27-8FC5-7BD085FBCFE8}.Release|Win32.Build.0 = Release|Win32
		{28A6E627-5291-90A9-39F4-938AD8867A90}.Release|x64.ActiveCfg = Release|x64
		{28A6E627-5291-90A9-39F4-938AD8867A90}.Release|x64.Build.0 = Release|x64
		{28A6E627-5291-90A9-39F4-938AD8867A90}.Debug|Win32.ActiveCfg = Debug|Win32
		{28A6E627-5291-90A9-39F4-938AD8867A90}.Debug|Win32.Build.0 = Debug|Win32
		{28A6E627-5291-90A9-39F4-938AD8867A90}.Debug|x64.ActiveCfg = Debug|x64
		{28A6E627-5291-90A9-39F4-938AD8867A90}.Debug|x64.Build.0 = Debug|x64
		{28A6E627-5291-90A9-39F4-938AD8867A90}.Release|Win32.ActiveCfg = Release|Win32
		{28A6E627-5291-90A9-39F4-938AD8867A90}.Release|Win32.Build.0 = Release|Win32
		{305BD263-C137-95FB-4F7B-00006E9604DE}.Release|x64.ActiveCfg = Release|x64
		{305BD263-C137-95FB-4F7B-00006E9604DE}.Release|x64.Build.0 = Release|x64
		{305BD263-C137-95FB-4F7B-00006E9604DE}.Debug|Win32.ActiveCfg = Debug|Win32
		{305BD263-C137-95FB-4F7B-00006E9604DE}.Debug|Win32.Build.0 = Debug|Win32
		{305BD263-C137-95FB-4F7B-00006E9604DE}.Debug|x64.ActiveCfg = Debug|x64
		{305BD263-C137-95FB-4F7B-00006E9604DE}.Debug|x64.Build.0 = Debug|x64
		{305BD263-C137-95FB-4F7B-00006E9604DE}.Release|Win32.ActiveCfg = Release|Win32
		{305BD263-C137-95FB-4F7B-00006E9604DE}.Release|Win32.Build.0 = Release|Win32
		{34E2E755-5868-9A78-85AF-5B2485186CBB}.Release|x64.ActiveCfg = Release|x64
		{34E2E755-5868-9A78-85AF-5B2485186CBB}.Release|x64.Build.0 = Release|x64
		{34E2E755-5868-9A78-85AF-5B2485186CBB}.Debug|Win32.ActiveCfg = Debug|Win32
		{34E2E755-5868-9A78-85AF-5B2485186CBB}.Debug|Win32.Build.0 = Debug|Win32
		{34E2E755-5868-9A78-85AF-5B2485186CBB}.Debug|x64.ActiveCfg = Debug|x64
		{34E2E755-5868-9A78-85AF-5B2485186CBB}.Debug|x64.Build.0 = Debug|x64
		{34E2E755-5868-9A78-85AF-5B2485186CBB}.Release|Win32.ActiveCfg = Release|Win32
		{34E2E755-5868-9A78-85AF-5B2485186CBB}.Release|Win32.Build.0 = Release|Win32
		{366E7A7C-E6CD-B68F-3B64-F712387C95AB}.Release|x64.ActiveCfg = Release|x64
		{366E7A7C-E6CD-B68F-3B64-F712387C95AB}.Release|x64.Build.0 = Release|x64
		{366E7A7C-E6CD-B68F-3B64-F712387C95AB}.Debug|Win32.ActiveCfg = Debug|Win32
		{366E7A7C-E6CD-B68F-3B64-F712387C95AB}.Debug|Win32.Build.0 = Debug|Win32
		{366E7A7C-E6CD-B68F-3B64-F712387C95AB}.Debug|x64.ActiveCfg = Debug|x64
		{366E7A7C-E6CD-B68F-3B64-F712387C95AB}.Debug|x64.Build.0 = Debug|x64
		{366E7A7C-E6CD-B68F-3B64-F712387C95AB}.Release|Win32.ActiveCfg = Release|Win32
		{366E7A7C-E6CD-B68F-3B64-F712387C95AB}.Release|Win32.Build.0 = Release|Win32
		{36EA0AF8-DC0F-B5AD-24D4-77055838F91E}.Release|x64.ActiveCfg = Release|x64
		{36EA0AF8-DC0F-B5AD-24D4-77055838F91E}.Release|x64.Build.0 = Release|x64
		{36EA0AF8-DC0F-B5AD-24D4-77055838F91E}.Debug|Win32.ActiveCfg = Debug|Win32
		{36EA0AF8-DC0F-B5AD-24D4-77055838F91E}.Debug|Win32.Build.0 = Debug|Win32
		{36EA0AF8-DC0F-B5AD-24D4-77055838F91E}.Debug|x64.ActiveCfg = Debug|x64
		{36EA0AF8-DC0F-B5AD-24D4-77055838F91E}.Debug|x64.Build.0 = Debug|x64
		{36EA0AF8-DC0F-B5AD-24D4-77055838F91E}.Release|Win32.ActiveCfg = Release|Win32
		{36EA0AF8-DC0F-B5AD-24D4-77055838F91E}.Release|Win32.Build.0 = Release|Win32
		{370A6FE8-2033-7E32-7BBE-22E42D6413F9}.Release|x64.ActiveCfg = Release|x64
		{370A6FE8-2033-7E32-7BBE-22E42D6413F9}.Release|x64.Build.0 = Release|x64
		{370A6FE8-2033-7E32-7BBE-22E42D6413F9}.Debug|Win32.ActiveCfg = Debug|Win32
		{370A6FE8-2033-7E32-7BBE-22E42D6413F9}.Debug|Win32.Build.0 = Debug|Win32
		{370A6FE8-2033-7E32-7BBE-22E42D6413F9}.Debug|x64.ActiveCfg = Debug|x64
		{370A6FE8-2033-7E32-7BBE-22E42D6413F9}.Debug|x64.Build.0 = Debug|x64
		{370A6FE8-2033-7E32-7BBE-22E42D6413F9}.Release|Win32.ActiveCfg = Release|Win32
		{370A6FE8-2033-7E32-7BBE-22E42D6413F9}.Release|Win32.Build.0 = Release|Win32
		{39375AAD-E9E8-C0B5-251D-8D09DE6C34AB}.Release|x64.ActiveCfg = Release|x64
		{39375AAD-E9E8-C0B5-251D-8D09DE6C34AB}.Release|x64.Build.0 = Release|x64
		{39375AAD-E9E8-C0B5-251D-8D09DE6C34AB}.Debug|Win32.ActiveCfg = Debug|Win32
		{39375AAD-E9E8-C0B5-251D-8D09DE6C34AB}.Debug|Win32.Build.0 = Debug|Win32
		{39375AAD-E9E8-C0B5-251D-8D09DE6C34AB}.Debug|x64.ActiveCfg = Debug|x64
		{39375AAD-E9E8-C0B5-251D-8D09DE6C34AB}.Debug|x64.Build.0 = Debug|x64
		{39375AAD-E9E8-C0B5-251D-8D09DE6C34AB}.Release|Win32.ActiveCfg = Release|Win32
		{39375AAD-E9E8-C0B5-251D-8D09DE6C34AB}.Release|Win32.Build.0 = Release|Win32
		{401CBCAD-DF2A-02E4-95C5-08FB630DF9CA}.Release|x64.ActiveCfg = Release|x64
		{401CBCAD-DF2A-02E4-95C5-08FB630DF9CA}.Release|x64.Build.0 = Release|x64
		{401CBCAD-DF2A-02E4-95C5-08FB630DF9CA}.Debug|Win32.ActiveCfg = Debug|Win32
		{401CBCAD-DF2A-02E4-95C5-08FB630DF9CA}.Debug|Win32.Build.0 = Debug|Win32
		{401CBCAD-DF2A-02E4-95C5-08FB630DF9CA}.Debug|x64.ActiveCfg = Debug|x64
		{401CBCAD-DF2A-02E4-95C5-08FB630DF9CA}.Debug|x64.Build.0 = Debug|x64
		{401CBCAD-DF2A-02E4-95C5-08FB630DF9CA}.Release|Win32.ActiveCfg = Release|Win32
		{401CBCAD-DF2A-02E4-95C5-08FB630DF9CA}.Release|Win32.Build.0 = Release|Win32
		{47C6C00F-DD89-F072-C8F0-4BAAE9CF8E5F}.Release|x64.ActiveCfg = Release|x64
		{47C6C00F-DD89-F072-C8F0-4BAAE9CF8E5F}.Release|x64.Build.0 = Release|x64
		{47C6C00F-DD89-F072-C8F0-4BAAE9CF8E5F}.Debug|Win32.ActiveCfg = Debug|Win32
		{47C6C00F-DD89-F072-C8F0-4BAAE9CF8E5F}.Debug|Win32.Build.0 = Debug|Win32
		{47C6C00F-DD89-F072-C8F0-4BAAE9CF8E5F}.Debug|x64.ActiveCfg = Debug|x64
		{47C6C00F-DD89-F072-C8F0-4BAAE9CF8E5F}.Debug|x64.Build.0 = Debug|x64
		{47C6C00F-DD89-F072-C8F0-4BAAE9CF8E5F}.Release|Win32.ActiveCfg = Release|Win32
		{47C6C00F-DD89-F072-C8F0-4BAAE9CF8E5F}.Release|Win32.Build.0 = Release|Win32
		{4887A510-96B9-14A9-BEAF-343A852F5121}.Release|x64.ActiveCfg = Release|x64
		{4887A510-96B9-14A9-BEAF-343A852F5121}.Release|x64.Build.0 = Release|x64
		{4887A510-96B9-14A9-BEAF-343A852F5121}.Debug|Win32.ActiveCfg = Debug|Win32
		{4887A510-96B9-14A9-BEAF-343A852F5121}.Debug|Win32.Build.0 = Debug|Win32
		{4887A510-96B9-14A9-BEAF-343A852F5121}.Debug|x64.ActiveCfg = Debug|x64
		{4887A510-96B9-14A9-BEAF-343A852F5121}.Debug|x64.Build.0 = Debug|x64
		{4887A510-96B9-14A9-BEAF-343A852F5121}.Release|Win32.ActiveCfg = Release|Win32
		{4887A510-96B9-14A9-BEAF-343A852F5121}.Release|Win32.Build.0 = Release|Win32
		{4896BD85-82DA-7AFB-A0EA-4F2E926119D7}.Release|x64.ActiveCfg = Release|x64
		{4896BD85-82DA-7AFB-A0EA-4F2E926119D7}.Release|x64.Build.0 = Release|x64
		{4896BD85-82DA-7AFB-A0EA-4F2E926119D7}.Debug|Win32.ActiveCfg = Debug|Win32
		{4896BD85-82DA-7AFB-A0EA-4F2E926119D7}.Debug|Win32.Build.0 = Debug|Win32
		{4896BD85-82DA-7AFB-A0EA-4F2E926119D7}.Debug|x64.ActiveCfg = Debug|x64
		{4896BD85-82DA-7AFB-A0EA-4F2E926119D7}.Debug|x64.Build.0 = Debug|x64
		{4896BD85-82DA-7AFB-A0EA-4F2E926119D7}.Release|Win32.ActiveCfg = Release|Win32
		{4896BD85-82DA-7AFB-A0EA-4F2E926119D7}.Release|Win32.Build.0 = Release|Win32
		{4F9AC148-491F-F65F-8CE8-3B892AC53510}.Release|x64.ActiveCfg = Release|x64
		{4F9AC148-491F-F65F-8CE8-3B892AC53510}.Release|x64.Build.0 = Release|x64
		{4F9AC148-491F-F65F-8CE8-3B892AC53510}.Debug|Win32.ActiveCfg = Debug|Win32
		{4F9AC148-491F-F65F-8CE8-3B892AC53510}.Debug|Win32.Build.0 = Debug|Win32
		{4F9AC148-491F-F65F-8CE8-3B892AC53510}.Debug|x64.ActiveCfg = Debug|x64
		{4F9AC148-491F-F65F-8CE8-3B892AC53510}.Debug|x64.Build.0 = Debug|x64
		{4F9AC148-491F-F65F-8CE8-3B892AC53510}.Release|Win32.ActiveCfg = Release|Win32
		{4F9AC148-491F-F65F-8CE8-3B892AC53510}.Release|Win32.Build.0 = Release|Win32
		{519A6766-4932-AEC1-4472-69C04B4E5CB8}.Release|x64.ActiveCfg = Release|x64
		{519A6766-4932-AEC1-4472-69C04B4E5CB8}.Release|x64.Build.0 = Release|x64
		{519A6766-4932-AEC1-4472-69C04B4E5CB8}.Debug|Win32.ActiveCfg = Debug|Win32
		{519A6766-4932-AEC1-4472-69C04B4E5CB8}.Debug|Win32.Build.0 = Debug|Win32
		{519A6766-4932-AEC1-4472-69C04B4E5CB8}.Debug|x64.ActiveCfg = Debug|x64
		{519A6766-4932-AEC1-4472-69C04B4E5CB8}.Debug|x64.Build.0 = Debug|x64
		{519A6766-4932-AEC1-4472-69C04B4E5CB8}.Release|Win32.ActiveCfg = Release|Win32
		{519A6766-4932-AEC1-4472-69C04B4E5CB8}.Release|Win32.Build.0 = Release|Win32
		{51DCF8CE-9B59-517E-0A36-3BC0FFEE2490}.Release|x64.ActiveCfg = Release|x64
		{51DCF8CE-9B59-517E-0A36-3BC0FFEE2490}.Release|x64.Build.0 = Release|x64
		{51DCF8CE-9B59-517E-0A36-3BC0FFEE2490}.Debug|Win32.ActiveCfg = Debug|Win32
		{51DCF8CE-9B59-517E-0A36-3BC0FFEE2490}.Debug|Win32.Build.0 = Debug|Win32
		{51DCF8CE-9B59-517E-0A36-3BC0FFEE2490}.Debug|x64.ActiveCfg = Debug|x64
		{51DCF8CE-9B59-517E-0A36-3BC0FFEE2490}.Debug|x64.Build.0 = Debug|x64
		{51DCF8CE-9B59-517E-0A36-3BC0FFEE2490}.Release|Win32.ActiveCfg = Release|Win32
		{51DCF8CE-9B59-517E-0A36-3BC0FFEE2490}.Release|Win32.Build.0 = Release|Win32
		{566DDF47-B607-9AAB-5843-64BD7D12FC0F}.Release|x64.ActiveCfg = Release|x64
		{566DDF47-B607-9AAB-5843-64BD7D12FC0F}.Release|x64.Build.0 = Release|x64
		{566DDF47-B607-9AAB-5843-64BD7D12FC0F}.Debug|Win32.ActiveCfg = Debug|Win32
		{566DDF47-B607-9AAB-5843-64BD7D12FC0F}.Debug|Win32.Build.0 = Debug|Win32
		{566DDF47-B607-9AAB-5843-64BD7D12FC0F}.Debug|x64.ActiveCfg = Debug|x64
		{566DDF47-B607-9AAB-5843-64BD7D12FC0F}.Debug|x64.Build.0 = Debug|x64
		{566DDF47-B607-9AAB-5843-64BD7D12FC0F}.Release|Win32.ActiveCfg = Release|Win32
		{566DDF47-B607-9AAB-5843-64BD7D12FC0F}.Release|Win32.Build.0 = Release|Win32
		{5DE2E7EF-7A6E-B820-F93B-A55C301F2F97}.Release|x64.ActiveCfg = Release|x64
		{5DE2E7EF-7A6E-B820-F93B-A55C301F2F97}.Release|x64.Build.0 = Release|x64
		{5DE2E7EF-7A6E-B820-F93B-A55C301F2F97}.Debug|Win32.ActiveCfg = Debug|Win32
		{5DE2E7EF-7A6E-B820-F93B-A55C301F2F97}.Debug|Win32.Build.0 = Debug|Win32
		{5DE2E7EF-7A6E-B820-F93B-A55C301F2F97}.Debug|x64.ActiveCfg = Debug|x64
		{5DE2E7EF-7A6E-B820-F93B-A55C301F2F97}.Debug|x64.Build.0 = Debug|x64
		{5DE2E7EF-7A6E-B820-F93B-A55C301F2F97}.Release|Win32.ActiveCfg = Release|Win32
		{5DE2E7EF-7A6E-B820-F93B-A55C301F2F97}.Release|Win32.Build.0 = Release|Win32
		{5EB5A46D-094C-D45F-3F75-E0C377DAB315}.Release|x64.ActiveCfg = Release|x64
		{5EB5A46D-094C-D45F-3F75-E0C377DAB315}.Release|x64.Build.0 = Release|x64
		{5EB5A46D-094C-D45F-3F75-E0C377DAB315}.Debug|Win32.ActiveCfg = Debug|Win32
		{5EB5A46D-094C-D45F-3F75-E0C377DAB315}.Debug|Win32.Build.0 = Debug|Win32
		{5EB5A46D-094C-D45F-3F75-E0C377DAB315}.Debug|x64.ActiveCfg = Debug|x64
		{5EB5A46D-094C-D45F-3F75-E0C377DAB315}.Debug|x64.Build.0 = Debug|x64
		{5EB5A46D-094C-D45F-3F75-E0C377DAB315}.Release|Win32.ActiveCfg = Release|Win32
		{5EB5A46D-094C-D45F-3F75-E0C377DAB315}.Release|Win32.Build.0 = Release|Win32
		{604ABE08-640A-44D0-19D7-6A725D021236}.Release|x64.ActiveCfg = Release|x64
		{604ABE08-640A-44D0-19D7-6A725D021236}.Release|x64.Build.0 = Release|x64
		{604ABE08-640A-44D0-19D7-6A725D021236}.Debug|Win32.ActiveCfg = Debug|Win32
		{604ABE08-640A-44D0-19D7-6A725D021236}.Debug|Win32.Build.0 = Debug|Win32
		{604ABE08-640A-44D0-19D7-6A725D021236}.Debug|x64.ActiveCfg = Debug|x64
		{604ABE08-640A-44D0-19D7-6A725D021236}.Debug|x64.Build.0 = Debug|x64
		{604ABE08-640A-44D0-19D7-6A725D021236}.Release|Win32.ActiveCfg = Release|Win32
		{604ABE08-640A-44D0-19D7-6A725D021236}.Release|Win32.Build.0 = Release|Win32
		{62A27074-BC08-EA12-C05C-DE8D1BF303B4}.Release|x64.ActiveCfg = Release|x64
		{62A27074-BC08-EA12-C05C-DE8D1BF303B4}.Release|x64.Build.0 = Release|x64
		{62A27074-BC08-EA12-C05C-DE8D1BF303B4}.Debug|Win32.ActiveCfg = Debug|Win32
		{62A27074-BC08-EA12-C05C-DE8D1BF303B4}.Debug|Win32.Build.0 = Debug|Win32
		{62A27074-BC08-EA12-C05C-DE8D1BF303B4}.Debug|x64.ActiveCfg = Debug|x64
		{62A27074-BC08-EA12-C05C-DE8D1BF303B4}.Debug|x64.Build.0 = Debug|x64
		{62A27074-BC08-EA12-C05C-DE8D1BF303B4}.Release|Win32.ActiveCfg = Release|Win32
		{62A27074-BC08-EA12-C05C-DE8D1BF303B4}.Release|Win32.Build.0 = Release|Win32
		{67C17038-E17D-750C-8A1B-83A401C2DA46}.Release|x64.ActiveCfg = Release|x64
		{67C17038-E17D-750C-8A1B-83A401C2DA46}.Release|x64.Build.0 = Release|x64
		{67C17038-E17D-750C-8A1B-83A401C2DA46}.Debug|Win32.ActiveCfg = Debug|Win32
		{67C17038-E17D-750C-8A1B-83A401C2DA46}.Debug|Win32.Build.0 = Debug|Win32
		{67C17038-E17D-750C-8A1B-83A401C2DA46}.Debug|x64.ActiveCfg = Debug|x64
		{67C17038-E17D-750C-8A1B-83A401C2DA46}.Debug|x64.Build.0 = Debug|x64
		{67C17038-E17D-750C-8A1B-83A401C2DA46}.Release|Win32.ActiveCfg = Release|Win32
		{67C17038-E17D-750C-8A1B-83A401C2DA46}.Release|Win32.Build.0 = Release|Win32
		{6CCCD96E-01F8-AC31-36CF-B6DFAEE50F8C}.Release|x64.ActiveCfg = Release|x64
		{6CCCD96E-01F8-AC31-36CF-B6DFAEE50F8C}.Release|x64.Build.0 = Release|x64
		{6CCCD96E-01F8-AC31-36CF-B6DFAEE50F8C}.Debug|Win32.ActiveCfg = Debug|Win32
		{6CCCD96E-01F8-AC31-36CF-B6DFAEE50F8C}.Debug|Win32.Build.0 = Debug|Win32
		{6CCCD96E-01F8-AC31-36CF-B6DFAEE50F8C}.Debug|x64.ActiveCfg = Debug|x64
		{6CCCD96E-01F8-AC31-36CF-B6DFAEE50F8C}.Debug|x64.Build.0 = Debug|x64
		{6CCCD96E-01F8-AC31-36CF-B6DFAEE50F8C}.Release|Win32.ActiveCfg = Release|Win32
		{6CCCD96E-01F8-AC31-36CF-B6DFAEE50F8C}.Release|Win32.Build.0 = Release|Win32
		{6F260692-90F1-E929-BE67-36696CEC632A}.Release|x64.ActiveCfg = Release|x64
		{6F260692-90F1-E929-BE67-36696CEC632A}.Release|x64.Build.0 = Release|x64
		{6F260692-90F1-E929-BE67-36696CEC632A}.Debug|Win32.ActiveCfg = Debug|Win32
		{6F260692-90F1-E929-BE67-36696CEC632A}.Debug|Win32.Build.0 = Debug|Win32
		{6F260692-90F1-E929-BE67-36696CEC632A}.Debug|x64.ActiveCfg = Debug|x64
		{6F260692-90F1-E929-BE67-36696CEC632A}.Debug|x64.Build.0 = Debug|x64
		{6F260692-90F1-E929-BE67-36696CEC632A}.Release|Win32.ActiveCfg = Release|Win32
		{6F260692-90F1-E929-BE67-36696CEC632A}.Release|Win32.Build.0 = Release|Win32
		{71D25B4A-618A-4739-1D92-6477BE6D7341}.Release|x64.ActiveCfg = Release|x64
		{71D25B4A-618A-4739-1D92-6477BE6D7341}.Release|x64.Build.0 = Release|x64
		{71D25B4A-618A-4739-1D92-6477BE6D7341}.Debug|Win32.ActiveCfg = Debug|Win32
		{71D25B4A-618A-4739-1D92-6477BE6D7341}.Debug|Win32.Build.0 = Debug|Win32
		{71D25B4A-618A-4739-1D92-6477BE6D7341}.Debug|x64.ActiveCfg = Debug|x64
		{71D25B4A-618A-4739-1D92-6477BE6D7341}.Debug|x64.Build.0 = Debug|x64
		{71D25B4A-618A-4739-1D92-6477BE6D7341}.Release|Win32.ActiveCfg = Release|Win32
		{71D25B4A-618A-4739-1D92-6477BE6D7341}.Release|Win32.Build.0 = Release|Win32
		{75CF1844-5605-7A8E-8E66-7073F947032B}.Release|x64.ActiveCfg = Release|x64
		{75CF1844-5605-7A8E-8E66-7073F947032B}.Release|x64.Build.0 = Release|x64
		{75CF1844-5605-7A8E-8E66-7073F947032B}.Debug|Win32.ActiveCfg = Debug|Win32
		{75CF1844-5605-7A8E-8E66-7073F947032B}.Debug|Win32.Build.0 = Debug|Win32
		{75CF1844-5605-7A8E-8E66-7073F947032B}.Debug|x64.ActiveCfg = Debug|x64
		{75CF1844-5605-7A8E-8E66-7073F947032B}.Debug|x64.Build.0 = Debug|x64
		{75CF1844-5605-7A8E-8E66-7073F947032B}.Release|Win32.ActiveCfg = Release|Win32
		{75CF1844-5605-7A8E-8E66-7073F947032B}.Release|Win32.Build.0 = Release|Win32
		{7ADAB9DC-D6A6-9343-4BD8-44652DB0E4D7}.Release|x64.ActiveCfg = Release|x64
		{7ADAB9DC-D6A6-9343-4BD8-44652DB0E4D7}.Release|x64.Build.0 = Release|x64
		{7ADAB9DC-D6A6-9343-4BD8-44652DB0E4D7}.Debug|Win32.ActiveCfg = Debug|Win32
		{7ADAB9DC-D6A6-9343-4BD8-44652DB0E4D7}.Debug|Win32.Build.0 = Debug|Win32
		{7ADAB9DC-D6A6-9343-4BD8-44652DB0E4D7}.Debug|x64.ActiveCfg = Debug|x64
		{7ADAB9DC-D6A6-9343-4BD8-44652DB0E4D7}.Debug|x64.Build.0 = Debug|x64
		{7ADAB9DC-D6A6-9343-4BD8-44652DB0E4D7}.Release|Win32.ActiveCfg = Release|Win32
		{7ADAB9DC-D6A6-9343-4BD8-44652DB0E4D7}.Release|Win32.Build.0 = Release|Win32
		{7FF7991C-8F70-52F2-952D-7298C57301B3}.Release|x64.ActiveCfg = Release|x64
		{7FF7991C-8F70-52F2-952D-7298C57301B3}.Release|x64.Build.0 = Release|x64
		{7FF7991C-8F70-52F2-952D-7298C57301B3}.Debug|Win32.ActiveCfg = Debug|Win32
		{7FF7991C-8F70-52F2-952D-7298C57301B3}.Debug|Win32.Build.0 = Debug|Win32
		{7FF7991C-8F70-52F2-952D-7298C57301B3}.Debug|x64.ActiveCfg = Debug|x64
		{7FF7991C-8F70-52F2-952D-7298C57301B3}.Debug|x64.Build.0 = Debug|x64
		{7FF7991C-8F70-52F2-952D-7298C57301B3}.Release|Win32.ActiveCfg = Release|Win32
		{7FF7991C-8F70-52F2-952D-7298C57301B3}.Release|Win32.Build.0 = Release|Win32
		{810F6558-074E-CC0B-02B8-81C1A714DCD8}.Release|x64.ActiveCfg = Release|x64
		{810F6558-074E-CC0B-02B8-81C1A714DCD8}.Release|x64.Build.0 = Release|x64
		{810F6558-074E-CC0B-02B8-81C1A714DCD8}.Debug|Win32.ActiveCfg = Debug|Win32
		{810F6558-074E-CC0B-02B8-81C1A714DCD8}.Debug|Win32.Build.0 = Debug|Win32
		{810F6558-074E-CC0B-02B8-81C1A714DCD8}.Debug|x64.ActiveCfg = Debug|x64
		{810F6558-074E-CC0B-02B8-81C1A714DCD8}.Debug|x64.Build.0 = Debug|x64
		{810F6558-074E-CC0B-02B8-81C1A714DCD8}.Release|Win32.ActiveCfg = Release|Win32
		{810F6558-074E-CC0B-02B8-81C1A714DCD8}.Release|Win32.Build.0 = Release|Win32
		{88B25002-D630-DDA5-1684-92E1D7508147}.Release|x64.ActiveCfg = Release|x64
		{88B25002-D630-DDA5-1684-92E1D7508147}.Release|x64.Build.0 = Release|x64
		{88B25002-D630-DDA5-1684-92E1D7508147}.Debug|Win32.ActiveCfg = Debug|Win32
		{88B25002-D630-DDA5-1684-92E1D7508147}.Debug|Win32.Build.0 = Debug|Win32
		{88B25002-D630-DDA5-1684-92E1D7508147}.Debug|x64.ActiveCfg = Debug|x64
		{88B25002-D630-DDA5-1684-92E1D7508147}.Debug|x64.Build.0 = Debug|x64
		{88B25002-D630-DDA5-1684-92E1D7508147}.Release|Win32.ActiveCfg = Release|Win32
		{88B25002-D630-DDA5-1684-92E1D7508147}.Release|Win32.Build.0 = Release|Win32
		{8AAFE877-1FA5-C196-8C22-52F25F5D704A}.Release|x64.ActiveCfg = Release|x64
		{8AAFE877-1FA5-C196-8C22-52F25F5D704A}.Release|x64.Build.0 = Release|x64
		{8AAFE877-1FA5-C196-8C22-52F25F5D704A}.Debug|Win32.ActiveCfg = Debug|Win32
		{8AAFE877-1FA5-C196-8C22-52F25F5D704A}.Debug|Win32.Build.0 = Debug|Win32
		{8AAFE877-1FA5-C196-8C22-52F25F5D704A}.Debug|x64.ActiveCfg = Debug|x64
		{8AAFE877-1FA5-C196-8C22-52F25F5D704A}.Debug|x64.Build.0 = Debug|x64
		{8AAFE877-1FA5-C196-8C22-52F25F5D704A}.Release|Win32.ActiveCfg = Release|Win32
		{8AAFE877-1FA5-C196-8C22-52F25F5D704A}.Release|Win32.Build.0 = Release|Win32
		{93A77C92-9855-5CB7-AD86-E2389C020763}.Release|x64.ActiveCfg = Release|x64
		{93A77C92-9855-5CB7-AD86-E2389C020763}.Release|x64.Build.0 = Release|x64
		{93A77C92-9855-5CB7-AD86-E2389C020763}.Debug|Win32.ActiveCfg = Debug|Win32
		{93A77C92-9855-5CB7-AD86-E2389C020763}.Debug|Win32.Build.0 = Debug|Win32
		{93A77C92-9855-5CB7-AD86-E2389C020763}.Debug|x64.ActiveCfg = Debug|x64
		{93A77C92-9855-5CB7-AD86-E2389C020763}.Debug|x64.Build.0 = Debug|x64
		{93A77C92-9855-5CB7-AD86-E2389C020763}.Release|Win32.ActiveCfg = Release|Win32
		{93A77C92-9855-5CB7-AD86-E2389C020763}.Release|Win32.Build.0 = Release|Win32
		{9C070BC5-F387-27CA-B8A7-2700ED552864}.Release|x64.ActiveCfg = Release|x64
		{9C070BC5-F387-27CA-B8A7-2700ED552864}.Release|x64.Build.0 = Release|x64
		{9C070BC5-F387-27CA-B8A7-2700ED552864}.Debug|Win32.ActiveCfg = Debug|Win32
		{9C070BC5-F387-27CA-B8A7-2700ED552864}.Debug|Win32.Build.0 = Debug|Win32
		{9C070BC5-F387-27CA-B8A7-2700ED552864}.Debug|x64.ActiveCfg = Debug|x64
		{9C070BC5-F387-27CA-B8A7-2700ED552864}.Debug|x64.Build.0 = Debug|x64
		{9C070BC5-F387-27CA-B8A7-2700ED552864}.Release|Win32.ActiveCfg = Release|Win32
		{9C070BC5-F387-27CA-B8A7-2700ED552864}.Release|Win32.Build.0 = Release|Win32
		{9C154626-8FC0-ACBC-4B2E-B55DC6F87109}.Release|x64.ActiveCfg = Release|x64
		{9C154626-8FC0-ACBC-4B2E-B55DC6F87109}.Release|x64.Build.0 = Release|x64
		{9C154626-8FC0-ACBC-4B2E-B55DC6F87109}.Debug|Win32.ActiveCfg = Debug|Win32
		{9C154626-8FC0-ACBC-4B2E-B55DC6F87109}.Debug|Win32.Build.0 = Debug|Win32
		{9C154626-8FC0-ACBC-4B2E-B55DC6F87109}.Debug|x64.ActiveCfg = Debug|x64
		{9C154626-8FC0-ACBC-4B2E-B55DC6F87109}.Debug|x64.Build.0 = Debug|x64
		{9C154626-8FC0-ACBC-4B2E-B55DC6F87109}.Release|Win32.ActiveCfg = Release|Win32
		{9C154626-8FC0-ACBC-4B2E-B55DC6F87109}.Release|Win32.Build.0 = Release|Win32
		{A0E19677-74AC-FC49-6E26-9394DD0A895B}.Release|x64.ActiveCfg = Release|x64
		{A0E19677-74AC-FC49-6E26-9394DD0A895B}.Release|x64.Build.0 = Release|x64
		{A0E19677-74AC-FC49-6E26-9394DD0A895B}.Debug|Win32.ActiveCfg = Debug|Win32
		{A0E19677-74AC-FC49-6E26-9394DD0A895B}.Debug|Win32.Build.0 = Debug|Win32
		{A0E19677-74AC-FC49-6E26-9394DD0A895B}.Debug|x64.ActiveCfg = Debug|x64
		{A0E19677-74AC-FC49-6E26-9394DD0A895B}.Debug|x64.Build.0 = Debug|x64
		{A0E19677-74AC-FC49-6E26-9394DD0A895B}.Release|Win32.ActiveCfg = Release|Win32
		{A0E19677-74AC-FC49-6E26-9394DD0A895B}.Release|Win32.Build.0 = Release|Win32
		{A273F80D-700C-39AB-CE37-E228DB17641F}.Release|x64.ActiveCfg = Release|x64
		{A273F80D-700C-39AB-CE37-E228DB17641F}.Release|x64.Build.0 = Release|x64
		{A273F80D-700C-39AB-CE37-E228DB17641F}.Debug|Win32.ActiveCfg = Debug|Win32
		{A273F80D-700C-39AB-CE37-E228DB17641F}.Debug|Win32.Build.0 = Debug|Win32
		{A273F80D-700C-39AB-CE37-E228DB17641F}.Debug|x64.ActiveCfg = Debug|x64
		{A273F80D-700C-39AB-CE37-E228DB17641F}.Debug|x64.Build.0 = Debug|x64
		{A273F80D-700C-39AB-CE37-E228DB17641F}.Release|Win32.ActiveCfg = Release|Win32
		{A273F80D-700C-39AB-CE37-E228DB17641F}.Release|Win32.Build.0 = Release|Win32
		{A7AFBE14-EF9A-06AA-696B-4BD3032373BC}.Release|x64.ActiveCfg = Release|x64
		{A7AFBE14-EF9A-06AA-696B-4BD3032373BC}.Release|x64.Build.0 = Release|x64
		{A7AFBE14-EF9A-06AA-696B-4BD3032373BC}.Debug|Win32.ActiveCfg = Debug|Win32
		{A7AFBE14-EF9A-06AA-696B-4BD3032373BC}.Debug|Win32.Build.0 = Debug|Win32
		{A7AFBE14-EF9A-06AA-696B-4BD3032373BC}.Debug|x64.ActiveCfg = Debug|x64
		{A7AFBE14-EF9A-06AA-696B-4BD3032373BC}.Debug|x64.Build.0 = Debug|x64
		{A7AFBE14-EF9A-06AA-696B-4BD3032373BC}.Release|Win32.ActiveCfg = Release|Win32
		{A7AFBE14-EF9A-06AA-696B-4BD3032373BC}.Release|Win32.Build.0 = Release|Win32
		{AA8E0AC5-DC7E-DEA9-B062-42A8C3F08B69}.Release|x64.ActiveCfg = Release|x64
		{AA8E0AC5-DC7E-DEA9-B062-42A8C3F08B69}.Release|x64.Build.0 = Release|x64
		{AA8E0AC5-DC7E-DEA9-B062-42A8C3F08B69}.Debug|Win32.ActiveCfg = Debug|Win32
		{AA8E0AC5-DC7E-DEA9-B062-42A8C3F08B69}.Debug|Win32.Build.0 = Debug|Win32
		{AA8E0AC5-DC7E-DEA9-B062-42A8C3F08B69}.Debug|x64.ActiveCfg = Debug|x64
		{AA8E0AC5-DC7E-DEA9-B062-42A8C3F08B69}.Debug|x64.Build.0 = Debug|x64
		{AA8E0AC5-DC7E-DEA9-B062-42A8C3F08B69}.Release|Win32.ActiveCfg = Release|Win32
		{AA8E0AC5-DC7E-DEA9-B062-42A8C3F08B69}.Release|Win32.Build.0 = Release|Win32
		{AB092EFA-2F77-45E3-FE63-6AC3A0D2B9D0}.Release|x64.ActiveCfg = Release|x64
		{AB092EFA-2F77-45E3-FE63-6AC3A0D2B9D0}.Release|x64.Build.0 = Release|x64
		{AB092EFA-2F77-45E3-FE63-6AC3A0D2B9D0}.Debug|Win32.ActiveCfg = Debug|Win32
		{AB092EFA-2F77-45E3-FE63-6AC3A0D2B9D0}.Debug|Win32.Build.0 = Debug|Win32
		{AB092EFA-2F77-45E3-FE63-6AC3A0D2B9D0}.Debug|x64.ActiveCfg = Debug|x64
		{AB092EFA-2F77-45E3-FE63-6AC3A0D2B9D0}.Debug|x64.Build.0 = Debug|x64
		{AB092EFA-2F77-45E3-FE63-6AC3A0D2B9D0}.Release|Win32.ActiveCfg = Release|Win32
		{AB092EFA-2F77-45E3-FE63-6AC3A0D2B9D0}.Release|Win32.Build.0 = Release|Win32
		{B8BDB0B0-CED4-68BD-6D8A-3AA3B091FBAF}.Release|x64.ActiveCfg = Release|x64
		{B8BDB0B0-CED4-68BD-6D8A-3AA3B091FBAF}.Release|x64.Build.0 = Release|x64
		{B8BDB0B0-CED4-68BD-6D8A-3AA3B091FBAF}.Debug|Win32.ActiveCfg = Debug|Win32
		{B8BDB0B0-CED4-68BD-6D8A-3AA3B091FBAF}.Debug|Win32.Build.0 = Debug|Win32
		{B8BDB0B0-CED4-68BD-6D8A-3AA3B091FBAF}.Debug|x64.ActiveCfg = Debug|x64
		{B8BDB0B0-CED4-68BD-6D8A-3AA3B091FBAF}.Debug|x64.Build.0 = Debug|x64
		{B8BDB0B0-CED4-68BD-6D8A-3AA3B091FBAF}.Release|Win32.ActiveCfg = Release|Win32
		{B8BDB0B0-CED4-68BD-6D8A-3AA3B091FBAF}.Release|Win32.Build.0 = Release|Win32
		{BA14C88B-76DC-68B3-3397-63FCB6AC39BB}.Release|x64.ActiveCfg = Release|x64
		{BA14C88B-76DC-68B3-3397-63FCB6AC39BB}.Release|x64.Build.0 = Release|x64
		{BA14C88B-76DC-68B3-3397-63FCB6AC39BB}.Debug|Win32.ActiveCfg = Debug|Win32
		{BA14C88B-76DC-68B3-3397-63FCB6AC39BB}.Debug|Win32.Build.0 = Debug|Win32
		{BA14C88B-76DC-68B3-3397-63FCB6AC39BB}.Debug|x64.ActiveCfg = Debug|x64
		{BA14C88B-76DC-68B3-3397-63FCB6AC39BB}.Debug|x64.Build.0 = Debug|x64
		{BA14C88B-76DC-68B3-3397-63FCB6AC39BB}.Release|Win32.ActiveCfg = Release|Win32
		{BA14C88B-76DC-68B3-3397-63FCB6AC39BB}.Release|Win32.Build.0 = Release|Win32
		{BDBC60EA-2087-255B-6D11-6AB68ED6A9F5}.Release|x64.ActiveCfg = Release|x64
		{BDBC60EA-2087-255B-6D11-6AB68ED6A9F5}.Release|x64.Build.0 = Release|x64
		{BDBC60EA-2087-255B-6D11-6AB68ED6A9F5}.Debug|Win32.ActiveCfg = Debug|Win32
		{BDBC60EA-2087-255B-6D11-6AB68ED6A9F5}.Debug|Win32.Build.0 = Debug|Win32
		{BDBC60EA-2087-255B-6D11-6AB68ED6A9F5}.Debug|x64.ActiveCfg = Debug|x64
		{BDBC60EA-2087-255B-6D11-6AB68ED6A9F5}.Debug|x64.Build.0 = Debug|x64
		{BDBC60EA-2087-255B-6D11-6AB68ED6A9F5}.Release|Win32.ActiveCfg = Release|Win32
		{BDBC60EA-2087-255B-6D11-6AB68ED6A9F5}.Release|Win32.Build.0 = Release|Win32
		{C0CA5CD3-DD49-BD4E-C4EF-C10C3DC8C94F}.Release|x64.ActiveCfg = Release|x64
		{C0CA5CD3-DD49-BD4E-C4EF-C10C3DC8C94F}.Release|x64.Build.0 = Release|x64
		{C0CA5CD3-DD49-BD4E-C4EF-C10C3DC8C94F}.Debug|Win32.ActiveCfg = Debug|Win32
		{C0CA5CD3-DD49-BD4E-C4EF-C10C3DC8C94F}.Debug|Win32.Build.0 = Debug|Win32
		{C0CA5CD3-DD49-BD4E-C4EF-C10C3DC8C94F}.Debug|x64.ActiveCfg = Debug|x64
		{C0CA5CD3-DD49-BD4E-C4EF-C10C3DC8C94F}.Debug|x64.Build.0 = Debug|x64
		{C0CA5CD3-DD49-BD4E-C4EF-C10C3DC8C94F}.Release|Win32.ActiveCfg = Release|Win32
		{C0CA5CD3-DD49-BD4E-C4EF-C10C3DC8C94F}.Release|Win32.Build.0 = Release|Win32
		{C2AB0A60-4F19-F859-BB9B-1D571352ED7F}.Release|x64.ActiveCfg = Release|x64
		{C2AB0A60-4F19-F859-BB9B-1D571352ED7F}.Release|x64.Build.0 = Release|x64
		{C2AB0A60-4F19-F859-BB9B-1D571352ED7F}.Debug|Win32.ActiveCfg = Debug|Win32
		{C2AB0A60-4F19-F859-BB9B-1D571352ED7F}.Debug|Win32.Build.0 = Debug|Win32
		{C2AB0A60-4F19-F859-BB9B-1D571352ED7F}.Debug|x64.ActiveCfg = Debug|x64
		{C2AB0A60-4F19-F859-BB9B-1D571352ED7F}.Debug|x64.Build.0 = Debug|x64
		{C2AB0A60-4F19-F859-BB9B-1D571352ED7F}.Release|Win32.ActiveCfg = Release|Win32
		{C2AB0A60-4F19-F859-BB9B-1D571352ED7F}.Release|Win32.Build.0 = Release|Win32
		{C3FDB0B2-EC54-F2DA-A664-A7061D1E733F}.Release|x64.ActiveCfg = Release|x64
		{C3FDB0B2-EC54-F2DA-A664-A7061D1E733F}.Release|x64.Build.0 = Release|x64
		{C3FDB0B2-EC54-F2DA-A664-A7061D1E733F}.Debug|Win32.ActiveCfg = Debug|Win32
		{C3FDB0B2-EC54-F2DA-A664-A7061D1E733F}.Debug|Win32.Build.0 = Debug|Win32
		{C3FDB0B2-EC54-F2DA-A664-A7061D1E733F}.Debug|x64.ActiveCfg = Debug|x64
		{C3FDB0B2-EC54-F2DA-A664-A7061D1E733F}.Debug|x64.Build.0 = Debug|x64
		{C3FDB0B2-EC54-F2DA-A664-A7061D1E733F}.Release|Win32.ActiveCfg = Release|Win32
		{C3FDB0B2-EC54-F2DA-A664-A7061D1E733F}.Release|Win32.Build.0 = Release|Win32
		{CB7D5F80-9829-61C1-2B90-DE2ABC352F94}.Release|x64.ActiveCfg = Release|x64
		{CB7D5F80-9829-61C1-2B90-DE2ABC352F94}.Release|x64.Build.0 = Release|x64
		{CB7D5F80-9829-61C1-2B90-DE2ABC352F94}.Debug|Win32.ActiveCfg = Debug|Win32
		{CB7D5F80-9829-61C1-2B90-DE2ABC352F94}.Debug|Win32.Build.0 = Debug|Win32
		{CB7D5F80-9829-61C1-2B90-DE2ABC352F94}.Debug|x64.ActiveCfg = Debug|x64
		{CB7D5F80-9829-61C1-2B90-DE2ABC352F94}.Debug|x64.Build.0 = Debug|x64
		{CB7D5F80-9829-61C1-2B90-DE2ABC352F94}.Release|Win32.ActiveCfg = Release|Win32
		{CB7D5F80-9829-61C1-2B90-DE2ABC352F94}.Release|Win32.Build.0 = Release|Win32
		{CF1E8EBC-F6EA-A39B-F9F7-560D21934CF3}.Release|x64.ActiveCfg = Release|x64
		{CF1E8EBC-F6EA-A39B-F9F7-560D21934CF3}.Release|x64.Build.0 = Release|x64
		{CF1E8EBC-F6EA-A39B-F9F7-560D21934CF3}.Debug|Win32.ActiveCfg = Debug|Win32
		{CF1E8EBC-F6EA-A39B-F9F7-560D21934CF3}.Debug|Win32.Build.0 = Debug|Win32
		{CF1E8EBC-F6EA-A39B-F9F7-560D21934CF3}.Debug|x64.ActiveCfg = Debug|x64
		{CF1E8EBC-F6EA-A39B-F9F7-560D21934CF3}.Debug|x64.Build.0 = Debug|x64
		{CF1E8EBC-F6EA-A39B-F9F7-560D21934CF3}.Release|Win32.ActiveCfg = Release|Win32
		{CF1E8EBC-F6EA-A39B-F9F7-560D21934CF3}.Release|Win32.Build.0 = Release|Win32
		{D397979A-1381-3CEB-9FC3-58713603CE99}.Release|x64.ActiveCfg = Release|x64
		{D397979A-1381-3CEB-9FC3-58713603CE99}.Release|x64.Build.0 = Release|x64
		{D397979A-1381-3CEB-9FC3-58713603CE99}.Debug|Win32.ActiveCfg = Debug|Win32
		{D397979A-1381-3CEB-9FC3-58713603CE99}.Debug|Win32.Build.0 = Debug|Win32
		{D397979A-1381-3CEB-9FC3-58713603CE99}.Debug|x64.ActiveCfg = Debug|x64
		{D397979A-1381-3CEB-9FC3-58713603CE99}.Debug|x64.Build.0 = Debug|x64
		{D397979A-1381-3CEB-9FC3-58713603CE99}.Release|Win32.ActiveCfg = Release|Win32
		{D397979A-1381-3CEB-9FC3-58713603CE99}.Release|Win32.Build.0 = Release|Win32
		{D54C4252-9B27-FECC-6D16-A9144798E03E}.Release|x64.ActiveCfg = Release|x64
		{D54C4252-9B27-FECC-6D16-A9144798E03E}.Release|x64.Build.0 = Release|x64
		{D54C4252-9B27-FECC-6D16-A9144798E03E}.Debug|Win32.ActiveCfg = Debug|Win32
		{D54C4252-9B27-FECC-6D16-A9144798E03E}.Debug|Win32.Build.0 = Debug|Win32
		{D54C4252-9B27-FECC-6D16-A9144798E03E}.Debug|x64.ActiveCfg = Debug|x64
		{D54C4252-9B27-FECC-6D16-A9144798E03E}.Debug|x64.Build.0 = Debug|x64
		{D54C4252-9B27-FECC-6D16-A9144798E03E}.Release|Win32.ActiveCfg = Release|Win32
		{D54C4252-9B27-FECC-6D16-A9144798E03E}.Release|Win32.Build.0 = Release|Win32
		{D7A94F58-576A-45D9-A45F-EB87C63ABBB0}.Release|x64.ActiveCfg = Release|x64
		{D7A94F58-576A-45D9-A45F-EB87C63ABBB0}.Release|x64.Build.0 = Release|x64
		{D7A94F58-576A-45D9-A45F-EB87C63ABBB0}.Debug|Win32.ActiveCfg = Debug|Win32
		{D7A94F58-576A-45D9-A45F-EB87C63ABBB0}.Debug|Win32.Build.0 = Debug|Win32
		{D7A94F58-576A-45D9-A45F-EB87C63ABBB0}.Debug|x64.ActiveCfg = Debug|x64
		{D7A94F58-576A-45D9-A45F-EB87C63ABBB0}.Debug|x64.Build.0 = Debug|x64
		{D7A94F58-576A-45D9-A45F-EB87C63ABBB0}.Release|Win32.ActiveCfg = Release|Win32
		{D7A94F58-576A-45D9-A45F-EB87C63ABBB0}.Release|Win32.Build.0 = Release|Win32
		{D95A9D18-38EE-3C5B-861D-8A97D5344C34}.Release|x64.ActiveCfg = Release|x64
		{D95A9D18-38EE-3C5B-861D-8A97D5344C34}.Release|x64.Build.0 = Release|x64
		{D95A9D18-38EE-3C5B-861D-8A97D5344C34}.Debug|Win32.ActiveCfg = Debug|Win32
		{D95A9D18-38EE-3C5B-861D-8A97D5344C34}.Debug|Win32.Build.0 = Debug|Win32
		{D95A9D18-38EE-3C5B-861D-8A97D5344C34}.Debug|x64.ActiveCfg = Debug|x64
		{D95A9D18-38EE-3C5B-861D-8A97D5344C34}.Debug|x64.Build.0 = Debug|x64
		{D95A9D18-38EE-3C5B-861D-8A97D5344C34}.Release|Win32.ActiveCfg = Release|Win32
		{D95A9D18-38EE-3C5B-861D-8A97D5344C34}.Release|Win32.Build.0 = Release|Win32
		{D9F41490-8902-EE01-6278-99033BE05F5D}.Release|x64.ActiveCfg = Release|x64
		{D9F41490-8902-EE01-6278-99033BE05F5D}.Release|x64.Build.0 = Release|x64
		{D9F41490-8902-EE01-6278-99033BE05F5D}.Debug|Win32.ActiveCfg = Debug|Win32
		{D9F41490-8902-EE01-6278-99033BE05F5D}.Debug|Win32.Build.0 = Debug|Win32
		{D9F41490-8902-EE01-6278-99033BE05F5D}.Debug|x64.ActiveCfg = Debug|x64
		{D9F41490-8902-EE01-6278-99033BE05F5D}.Debug|x64.Build.0 = Debug|x64
		{D9F41490-8902-EE01-6278-99033BE05F5D}.Release|Win32.ActiveCfg = Release|Win32
		{D9F41490-8902-EE01-6278-99033BE05F5D}.Release|Win32.Build.0 = Release|Win32
		{DB00C751-5451-DB7D-B58E-9C25E1C63619}.Release|x64.ActiveCfg = Release|x64
		{DB00C751-5451-DB7D-B58E-9C25E1C63619}.Release|x64.Build.0 = Release|x64
		{DB00C751-5451-DB7D-B58E-9C25E1C63619}.Debug|Win32.ActiveCfg = Debug|Win32
		{DB00C751-5451-DB7D-B58E-9C25E1C63619}.Debug|Win32.Build.0 = Debug|Win32
		{DB00C751-5451-DB7D-B58E-9C25E1C63619}.Debug|x64.ActiveCfg = Debug|x64
		{DB00C751-5451-DB7D-B58E-9C25E1C63619}.Debug|x64.Build.0 = Debug|x64
		{DB00C751-5451-DB7D-B58E-9C25E1C63619}.Release|Win32.ActiveCfg = Release|Win32
		{DB00C751-5451-DB7D-B58E-9C25E1C63619}.Release|Win32.Build.0 = Release|Win32
		{DCC5EEE4-30EA-A7D1-C853-9244A392A5E0}.Release|x64.ActiveCfg = Release|x64
		{DCC5EEE4-30EA-A7D1-C853-9244A392A5E0}.Release|x64.Build.0 = Release|x64
		{DCC5EEE4-30EA-A7D1-C853-9244A392A5E0}.Debug|Win32.ActiveCfg = Debug|Win32
		{DCC5EEE4-30EA-A7D1-C853-9244A392A5E0}.Debug|Win32.Build.0 = Debug|Win32
		{DCC5EEE4-30EA-A7D1-C853-9244A392A5E0}.Debug|x64.ActiveCfg = Debug|x64
		{DCC5EEE4-30EA-A7D1-C853-9244A392A5E0}.Debug|x64.Build.0 = Debug|x64
		{DCC5EEE4-30EA-A7D1-C853-9244A392A5E0}.Release|Win32.ActiveCfg = Release|Win32
		{DCC5EEE4-30EA-A7D1-C853-9244A392A5E0}.Release|Win32.Build.0 = Release|Win32
		{DDE6820B-1D6F-00B1-3634-EFFF24DD3714}.Release|x64.ActiveCfg = Release|x64
		{DDE6820B-1D6F-00B1-3634-EFFF24DD3714}.Release|x64.Build.0 = Release|x64
		{DDE6820B-1D6F-00B1-3634-EFFF24DD3714}.Debug|Win32.ActiveCfg = Debug|Win32
		{DDE6820B-1D6F-00B1-3634-EFFF24DD3714}.Debug|Win32.Build.0 = Debug|Win32
		{DDE6820B-1D6F-00B1-3634-EFFF24DD3714}.Debug|x64.ActiveCfg = Debug|x64
		{DDE6820B-1D6F-00B1-3634-EFFF24DD3714}.Debug|x64.Build.0 = Debug|x64
		{DDE6820B-1D6F-00B1-3634-EFFF24DD3714}.Release|Win32.ActiveCfg = Release|Win32
		{DDE6820B-1D6F-00B1-3634-EFFF24DD3714}.Release|Win32.Build.0 = Release|Win32
		{EBF355D6-C32B-EF0F-9E6B-65C2AA2705E8}.Release|x64.ActiveCfg = Release|x64
		{EBF355D6-C32B-EF0F-9E6B-65C2AA2705E8}.Release|x64.Build.0 = Release|x64
		{EBF355D6-C32B-EF0F-9E6B-65C2AA2705E8}.Debug|Win32.ActiveCfg = Debug|Win32
		{EBF355D6-C32B-EF0F-9E6B-65C2AA2705E8}.Debug|Win32.Build.0 = Debug|Win32
		{EBF355D6-C32B-EF0F-9E6B-65C2AA2705E8}.Debug|x64.ActiveCfg = Debug|x64
		{EBF355D6-C32B-EF0F-9E6B-65C2AA2705E8}.Debug|x64.Build.0 = Debug|x64
		{EBF355D6-C32B-EF0F-9E6B-65C2AA2705E8}.Release|Win32.ActiveCfg = Release|Win32
		{EBF355D6-C32B-EF0F-9E6B-65C2AA2705E8}.Release|Win32.Build.0 = Release|Win32
		{F01C55AF-ABDF-738A-BED9-935610D5B7D8}.Release|x64.ActiveCfg = Release|x64
		{F01C55AF-ABDF-738A-BED9-935610D5B7D8}.Release|x64.Build.0 = Release|x64
		{F01C55AF-ABDF-738A-BED9-935610D5B7D8}.Debug|Win32.ActiveCfg = Debug|Win32
		{F01C55AF-ABDF-738A-BED9-935610D5B7D8}.Debug|Win32.Build.0 = Debug|Win32
		{F01C55AF-ABDF-738A-BED9-935610D5B7D8}.Debug|x64.ActiveCfg = Debug|x64
		{F01C55AF-ABDF-738A-BED9-935610D5B7D8}.Debug|x64.Build.0 = Debug|x64
		{F01C55AF-ABDF-738A-BED9-935610D5B7D8}.Release|Win32.ActiveCfg = Release|Win32
		{F01C55AF-ABDF-738A-BED9-935610D5B7D8}.Release|Win32.Build.0 = Release|Win32
		{F0E20B6B-EB6E-BCE7-1D9F-9EB11718C5B6}.Release|x64.ActiveCfg = Release|x64
		{F0E20B6B-EB6E-BCE7-1D9F-9EB11718C5B6}.Release|x64.Build.0 = Release|x64
		{F0E20B6B-EB6E-BCE7-1D9F-9EB11718C5B6}.Debug|Win32.ActiveCfg = Debug|Win32
		{F0E20B6B-EB6E-BCE7-1D9F-9EB11718C5B6}.Debug|Win32.Build.0 = Debug|Win32
		{F0E20B6B-EB6E-BCE7-1D9F-9EB11718C5B6}.Debug|x64.ActiveCfg = Debug|x64
		{F0E20B6B-EB6E-BCE7-1D9F-9EB11718C5B6}.Debug|x64.Build.0 = Debug|x64
		{F0E20B6B-EB6E-BCE7-1D9F-9EB11718C5B6}.Release|Win32.ActiveCfg = Release|Win32
		{F0E20B6B-EB6E-BCE7-1D9F-9EB11718C5B6}.Release|Win32.Build.0 = Release|Win32
		{F0F25180-8991-7057-285E-2E1AA22571A4}.Release|x64.ActiveCfg = Release|x64
		{F0F25180-8991-7057-285E-2E1AA22571A4}.Release|x64.Build.0 = Release|x64
		{F0F25180-8991-7057-285E-2E1AA22571A4}.Debug|Win32.ActiveCfg = Debug|Win32
		{F0F25180-8991-7057-285E-2E1AA22571A4}.Debug|Win32.Build.0 = Debug|Win32
		{F0F25180-8991-7057-285E-2E1AA22571A4}.Debug|x64.ActiveCfg = Debug|x64
		{F0F25180-8991-7057-285E-2E1AA22571A4}.Debug|x64.Build.0 = Debug|x64
		{F0F25180-8991-7057-285E-2E1AA22571A4}.Release|Win32.ActiveCfg = Release|Win32
		{F0F25180-8991-7057-285E-2E1AA22571A4}.Release|Win32.Build.0 = Release|Win32
		{F7630094-41D4-7D40-FC84-CD0D3AB54376}.Release|x64.ActiveCfg = Release|x64
		{F7630094-41D4-7D40-FC84-CD0D3AB54376}.Release|x64.Build.0 = Release|x64
		{F7630094-41D4-7D40-FC84-CD0D3AB54376}.Debug|Win32.ActiveCfg = Debug|Win32
		{F7630094-41D4-7D40-FC84-CD0D3AB54376}.Debug|Win32.Build.0 = Debug|Win32
		{F7630094-41D4-7D40-FC84-CD0D3AB54376}.Debug|x64.ActiveCfg = Debug|x64
		{F7630094-41D4-7D40-FC84-CD0D3AB54376}.Debug|x64.Build.0 = Debug|x64
		{F7630094-41D4-7D40-FC84-CD0D3AB54376}.Release|Win32.ActiveCfg = Release|Win32
		{F7630094-41D4-7D40-FC84-CD0D3AB54376}.Release|Win32.Build.0 = Release|Win32
		{FD65C249-5257-5D38-4D1A-0F7656FDA174}.Release|x64.ActiveCfg = Release|x64
		{FD65C249-5257-5D38-4D1A-0F7656FDA174}.Release|x64.Build.0 = Release|x64
		{FD65C249-5257-5D38-4D1A-0F7656FDA174}.Debug|Win32.ActiveCfg = Debug|Win32
		{FD65C249-5257-5D38-4D1A-0F7656FDA174}.Debug|Win32.Build.0 = Debug|Win32
		{FD65C249-5257-5D38-4D1A-0F7656FDA174}.Debug|x64.ActiveCfg = Debug|x64
		{FD65C249-5257-5D38-4D1A-0F7656FDA174}.Debug|x64.Build.0 = Debug|x64
		{FD65C249-5257-5D38-4D1A-0F7656FDA174}.Release|Win32.ActiveCfg = Release|Win32
		{FD65C249-5257-5D38-4D1A-0F7656FDA174}.Release|Win32.Build.0 = Release|Win32
		{FDAA7A31-BB82-8536-ABA3-AB42E5C5FAD1}.Release|x64.ActiveCfg = Release|x64
		{FDAA7A31-BB82-8536-ABA3-AB42E5C5FAD1}.Release|x64.Build.0 = Release|x64
		{FDAA7A31-BB82-8536-ABA3-AB42E5C5FAD1}.Debug|Win32.ActiveCfg = Debug|Win32
		{FDAA7A31-BB82-8536-ABA3-AB42E5C5FAD1}.Debug|Win32.Build.0 = Debug|Win32
		{FDAA7A31-BB82-8536-ABA3-AB42E5C5FAD1}.Debug|x64.ActiveCfg = Debug|x64
		{FDAA7A31-BB82-8536-ABA3-AB42E5C5FAD1}.Debug|x64.Build.0 = Debug|x64
		{FDAA7A31-BB82-8536-ABA3-AB42E5C5FAD1}.Release|Win32.ActiveCfg = Release|Win32
		{FDAA7A31-BB82-8536-ABA3-AB42E5C5FAD1}.Release|Win32.Build.0 = Release|Win32
		{FE30392A-BA07-A57C-6E28-3DD5FA9ADE21}.Release|x64.ActiveCfg = Release|x64
		{FE30392A-BA07-A57C-6E28-3DD5FA9ADE21}.Release|x64.Build.0 = Release|x64
		{FE30392A-BA07-A57C-6E28-3DD5FA9ADE21}.Debug|Win32.ActiveCfg = Debug|Win32
		{FE30392A-BA07-A57C-6E28-3DD5FA9ADE21}.Debug|Win32.Build.0 = Debug|Win32
		{FE30392A-BA07-A57C-6E28-3DD5FA9ADE21}.Debug|x64.ActiveCfg = Debug|x64
		{FE30392A-BA07-A57C-6E28-3DD5FA9ADE21}.Debug|x64.Build.0 = Debug|x64
		{FE30392A-BA07-A57C-6E28-3DD5FA9ADE21}.Release|Win32.ActiveCfg = Release|Win32
		{FE30392A-BA07-A57C-6E28-3DD5FA9ADE21}.Release|Win32.Build.0 = Release|Win32
	EndGlobalSection
	GlobalSection(SolutionProperties) = preSolution
		HideSolutionNode = FALSE
	EndGlobalSection
	GlobalSection(NestedProjects) = preSolution
		{7D1F1355-E02E-9573-5185-AFD30F7210BE} = {7C6CDB29-38D7-8364-748C-AEAAD8CCFB36}
		{F0E20B6B-EB6E-BCE7-1D9F-9EB11718C5B6} = {6478B9F3-4858-63F4-35F4-98A303E305F3}
		{C7F83F05-8335-05BC-FABC-52BB99106795} = {4D091BEB-A76B-E8AB-36FD-0A80BA9DE97D}
		{6478B9F3-4858-63F4-35F4-98A303E305F3} = {9785FB75-982A-5DE3-252D-3F288B9FEF5B}
		{3E7FA5AF-27B3-2DE0-883C-12F98E7F4E81} = {9785FB75-982A-5DE3-252D-3F288B9FEF5B}
		{CF1E8EBC-F6EA-A39B-F9F7-560D21934CF3} = {9785FB75-982A-5DE3-252D-3F288B9FEF5B}
		{4896BD85-82DA-7AFB-A0EA-4F2E926119D7} = {9785FB75-982A-5DE3-252D-3F288B9FEF5B}
		{09AFDD25-C013-4714-B227-B7B44F87A6D9} = {9785FB75-982A-5DE3-252D-3F288B9FEF5B}
		{D397979A-1381-3CEB-9FC3-58713603CE99} = {9785FB75-982A-5DE3-252D-3F288B9FEF5B}
		{0052CC6C-FC72-B51F-BD3F-949F29A93F71} = {9785FB75-982A-5DE3-252D-3F288B9FEF5B}
		{D9F41490-8902-EE01-6278-99033BE05F5D} = {1670CB0B-8AB5-66D9-D715-D2DC1A1CB97F}
		{FE30392A-BA07-A57C-6E28-3DD5FA9ADE21} = {F8FCF6CD-4DE1-16F6-65CB-5E6194E8495C}
		{D7A94F58-576A-45D9-A45F-EB87C63ABBB0} = {F8FCF6CD-4DE1-16F6-65CB-5E6194E8495C}
		{D54C4252-9B27-FECC-6D16-A9144798E03E} = {F8FCF6CD-4DE1-16F6-65CB-5E6194E8495C}
		{219F008C-A955-BDEF-D57E-3FA628D6D433} = {F8FCF6CD-4DE1-16F6-65CB-5E6194E8495C}
		{1670CB0B-8AB5-66D9-D715-D2DC1A1CB97F} = {C2E276B7-2737-A889-723C-CE2956B80FB7}
		{B8BDB0B0-CED4-68BD-6D8A-3AA3B091FBAF} = {C2E276B7-2737-A889-723C-CE2956B80FB7}
		{9C154626-8FC0-ACBC-4B2E-B55DC6F87109} = {2DE59335-96CE-10CA-CDE5-FEC35E3549BB}
		{5DE2E7EF-7A6E-B820-F93B-A55C301F2F97} = {2DE59335-96CE-10CA-CDE5-FEC35E3549BB}
		{0B359E89-96EA-C413-C718-00D1CD1E2BB2} = {2DE59335-96CE-10CA-CDE5-FEC35E3549BB}
		{93A77C92-9855-5CB7-AD86-E2389C020763} = {7522960F-C97E-E7C9-38F2-1B74A395F476}
		{BDBC60EA-2087-255B-6D11-6AB68ED6A9F5} = {A9EB8559-7015-13E0-0462-D9901FC693FD}
		{62A27074-BC08-EA12-C05C-DE8D1BF303B4} = {B881B030-1C2B-0D06-F74A-9A16B0B8657E}
		{F0F25180-8991-7057-285E-2E1AA22571A4} = {B881B030-1C2B-0D06-F74A-9A16B0B8657E}
		{D95A9D18-38EE-3C5B-861D-8A97D5344C34} = {B881B030-1C2B-0D06-F74A-9A16B0B8657E}
		{566DDF47-B607-9AAB-5843-64BD7D12FC0F} = {B881B030-1C2B-0D06-F74A-9A16B0B8657E}
		{107209FA-897F-CBA0-FD18-5E86795B3877} = {B881B030-1C2B-0D06-F74A-9A16B0B8657E}
		{1E884472-463D-B5C5-603B-51C20F654D27} = {B881B030-1C2B-0D06-F74A-9A16B0B8657E}
		{C2AB0A60-4F19-F859-BB9B-1D571352ED7F} = {B881B030-1C2B-0D06-F74A-9A16B0B8657E}
		{DCC5EEE4-30EA-A7D1-C853-9244A392A5E0} = {019E1937-61F3-F9EC-47C4-8EB017B64518}
		{75CF1844-5605-7A8E-8E66-7073F947032B} = {019E1937-61F3-F9EC-47C4-8EB017B64518}
		{A7AFBE14-EF9A-06AA-696B-4BD3032373BC} = {019E1937-61F3-F9EC-47C4-8EB017B64518}
		{88B25002-D630-DDA5-1684-92E1D7508147} = {019E1937-61F3-F9EC-47C4-8EB017B64518}
		{FDAA7A31-BB82-8536-ABA3-AB42E5C5FAD1} = {019E1937-61F3-F9EC-47C4-8EB017B64518}
		{366E7A7C-E6CD-B68F-3B64-F712387C95AB} = {019E1937-61F3-F9EC-47C4-8EB017B64518}
		{71D25B4A-618A-4739-1D92-6477BE6D7341} = {019E1937-61F3-F9EC-47C4-8EB017B64518}
		{C0CA5CD3-DD49-BD4E-C4EF-C10C3DC8C94F} = {B192C3BB-2B62-1D75-41F4-8F64C08A00D1}
		{5A566D8E-9FAB-ED62-0C7C-BD22FF9AF8A2} = {96A8EC63-88DB-B85C-EEBC-43667C60DEB3}
		{122C151F-9563-C9AA-8FB5-10214E846CC4} = {96A8EC63-88DB-B85C-EEBC-43667C60DEB3}
		{DDE6820B-1D6F-00B1-3634-EFFF24DD3714} = {96A8EC63-88DB-B85C-EEBC-43667C60DEB3}
		{A273F80D-700C-39AB-CE37-E228DB17641F} = {91989827-5B0C-52D9-1FE9-9553D672A5E7}
		{0E7F2CDC-B08A-E976-3AD5-AE01D2A4056F} = {CD014008-1CDB-809B-D770-C67A261539F7}
		{6CCCD96E-01F8-AC31-36CF-B6DFAEE50F8C} = {CD014008-1CDB-809B-D770-C67A261539F7}
		{AA8E0AC5-DC7E-DEA9-B062-42A8C3F08B69} = {CD014008-1CDB-809B-D770-C67A261539F7}
		{810F6558-074E-CC0B-02B8-81C1A714DCD8} = {7D1F1355-E02E-9573-5185-AFD30F7210BE}
		{305BD263-C137-95FB-4F7B-00006E9604DE} = {5B17195B-58DF-4533-4FE7-D2747913694E}
		{13591A4E-8BB4-6D87-8093-B39C2A16D2B5} = {5B17195B-58DF-4533-4FE7-D2747913694E}
		{7FF7991C-8F70-52F2-952D-7298C57301B3} = {5B17195B-58DF-4533-4FE7-D2747913694E}
		{39375AAD-E9E8-C0B5-251D-8D09DE6C34AB} = {5B17195B-58DF-4533-4FE7-D2747913694E}
		{4F9AC148-491F-F65F-8CE8-3B892AC53510} = {5B17195B-58DF-4533-4FE7-D2747913694E}
		{DB00C751-5451-DB7D-B58E-9C25E1C63619} = {5B17195B-58DF-4533-4FE7-D2747913694E}
		{19683F20-9A6C-8C4B-CE77-28C899F2C0BA} = {C7F83F05-8335-05BC-FABC-52BB99106795}
		{FD65C249-5257-5D38-4D1A-0F7656FDA174} = {630D0DC5-DAAF-3481-DE5A-A6EF4E73EFC8}
		{34E2E755-5868-9A78-85AF-5B2485186CBB} = {630D0DC5-DAAF-3481-DE5A-A6EF4E73EFC8}
		{36EA0AF8-DC0F-B5AD-24D4-77055838F91E} = {EAC80D00-01D2-3F49-A377-20B7154947F3}
		{604ABE08-640A-44D0-19D7-6A725D021236} = {EAC80D00-01D2-3F49-A377-20B7154947F3}
		{BA14C88B-76DC-68B3-3397-63FCB6AC39BB} = {EAC80D00-01D2-3F49-A377-20B7154947F3}
		{F01C55AF-ABDF-738A-BED9-935610D5B7D8} = {3E7FA5AF-27B3-2DE0-883C-12F98E7F4E81}
		{91989827-5B0C-52D9-1FE9-9553D672A5E7} = {5A566D8E-9FAB-ED62-0C7C-BD22FF9AF8A2}
		{7C6CDB29-38D7-8364-748C-AEAAD8CCFB36} = {89C816A7-DD31-D54C-C69C-5A80E0C49B77}
		{F8FCF6CD-4DE1-16F6-65CB-5E6194E8495C} = {89C816A7-DD31-D54C-C69C-5A80E0C49B77}
		{2DE59335-96CE-10CA-CDE5-FEC35E3549BB} = {89C816A7-DD31-D54C-C69C-5A80E0C49B77}
		{7522960F-C97E-E7C9-38F2-1B74A395F476} = {89C816A7-DD31-D54C-C69C-5A80E0C49B77}
		{A9EB8559-7015-13E0-0462-D9901FC693FD} = {89C816A7-DD31-D54C-C69C-5A80E0C49B77}
		{B881B030-1C2B-0D06-F74A-9A16B0B8657E} = {89C816A7-DD31-D54C-C69C-5A80E0C49B77}
		{B192C3BB-2B62-1D75-41F4-8F64C08A00D1} = {89C816A7-DD31-D54C-C69C-5A80E0C49B77}
		{CD014008-1CDB-809B-D770-C67A261539F7} = {89C816A7-DD31-D54C-C69C-5A80E0C49B77}
		{AC6A79C6-25A5-8535-37D4-DCE797519D55} = {89C816A7-DD31-D54C-C69C-5A80E0C49B77}
		{EBF355D6-C32B-EF0F-9E6B-65C2AA2705E8} = {89C816A7-DD31-D54C-C69C-5A80E0C49B77}
		{C3FDB0B2-EC54-F2DA-A664-A7061D1E733F} = {89C816A7-DD31-D54C-C69C-5A80E0C49B77}
		{67C17038-E17D-750C-8A1B-83A401C2DA46} = {89C816A7-DD31-D54C-C69C-5A80E0C49B77}
		{47C6C00F-DD89-F072-C8F0-4BAAE9CF8E5F} = {89C816A7-DD31-D54C-C69C-5A80E0C49B77}
		{CB7D5F80-9829-61C1-2B90-DE2ABC352F94} = {89C816A7-DD31-D54C-C69C-5A80E0C49B77}
		{9C070BC5-F387-27CA-B8A7-2700ED552864} = {89C816A7-DD31-D54C-C69C-5A80E0C49B77}
		{4D091BEB-A76B-E8AB-36FD-0A80BA9DE97D} = {644B7826-0417-C19E-B1ED-C0BF73289DEE}
		{630D0DC5-DAAF-3481-DE5A-A6EF4E73EFC8} = {644B7826-0417-C19E-B1ED-C0BF73289DEE}
		{5EB5A46D-094C-D45F-3F75-E0C377DAB315} = {644B7826-0417-C19E-B1ED-C0BF73289DEE}
		{51DCF8CE-9B59-517E-0A36-3BC0FFEE2490} = {644B7826-0417-C19E-B1ED-C0BF73289DEE}
		{069493C7-53F0-3C95-A021-BC03FBB5FBA1} = {644B7826-0417-C19E-B1ED-C0BF73289DEE}
		{27F59D87-B1F9-8F27-8FC5-7BD085FBCFE8} = {ABEA8C02-AF45-C0B0-B874-B7CA283C10FB}
		{AB092EFA-2F77-45E3-FE63-6AC3A0D2B9D0} = {AC6A79C6-25A5-8535-37D4-DCE797519D55}
		{28A6E627-5291-90A9-39F4-938AD8867A90} = {AC6A79C6-25A5-8535-37D4-DCE797519D55}
		{8AAFE877-1FA5-C196-8C22-52F25F5D704A} = {AC6A79C6-25A5-8535-37D4-DCE797519D55}
		{370A6FE8-2033-7E32-7BBE-22E42D6413F9} = {AC6A79C6-25A5-8535-37D4-DCE797519D55}
		{401CBCAD-DF2A-02E4-95C5-08FB630DF9CA} = {AC6A79C6-25A5-8535-37D4-DCE797519D55}
		{7ADAB9DC-D6A6-9343-4BD8-44652DB0E4D7} = {AC6A79C6-25A5-8535-37D4-DCE797519D55}
		{1AC357F6-5390-AB91-22A9-0EBC066932B7} = {AC6A79C6-25A5-8535-37D4-DCE797519D55}
		{6F260692-90F1-E929-BE67-36696CEC632A} = {AC6A79C6-25A5-8535-37D4-DCE797519D55}
		{4887A510-96B9-14A9-BEAF-343A852F5121} = {AC6A79C6-25A5-8535-37D4-DCE797519D55}
		{519A6766-4932-AEC1-4472-69C04B4E5CB8} = {AC6A79C6-25A5-8535-37D4-DCE797519D55}
	EndGlobalSection
EndGlobal
