<?xml version="1.0" encoding="utf-8"?>
<Project ToolsVersion="4.0" xmlns="http://schemas.microsoft.com/developer/msbuild/2003">
  <ItemGroup>
    <Filter Include="Source Files">
      <UniqueIdentifier>{fb580c33-57a7-40e1-adff-0ec1686295da}</UniqueIdentifier>
    </Filter>
  </ItemGroup>
  <ItemGroup>
    <ClCompile Include="module-entry.cpp">
      <Filter>Source Files</Filter>
    </ClCompile>
    <ClCompile Include="avdata-util.cpp">
      <Filter>Source Files</Filter>
    </ClCompile>
    <ClCompile Include="agora-service.cpp">
      <Filter>Source Files</Filter>
    </ClCompile>
    <ClCompile Include="obs-colive-aenc.cpp">
      <Filter>Source Files</Filter>
    </ClCompile>
    <ClCompile Include="obs-colive-venc.cpp">
      <Filter>Source Files</Filter>
    </ClCompile>
    <ClCompile Include="obs-colive-source.cpp">
      <Filter>Source Files</Filter>
    </ClCompile>
    <ClCompile Include="obs-colive-output.cpp">
      <Filter>Source Files</Filter>
    </ClCompile>
  </ItemGroup>
  <ItemGroup>
    <ClInclude Include="avdata-util.h">
      <Filter>Source Files</Filter>
    </ClInclude>
    <ClInclude Include="colive-service.h">
      <Filter>Source Files</Filter>
    </ClInclude>
  </ItemGroup>
</Project>