
Microsoft Visual Studio Solution File, Format Version 12.00
# Visual Studio 15
VisualStudioVersion = 15.0.28307.168
MinimumVisualStudioVersion = 10.0.40219.1
Project("{8BC9CEB8-8B4A-11D0-8D11-00A0C91BC942}") = "streaming-processor", "streaming-processor.vcxproj", "{98FF3F7A-6EA3-4E18-8E04-E737E9373AB9}"
EndProject
Global
	GlobalSection(SolutionConfigurationPlatforms) = preSolution
		Debug|x64 = Debug|x64
		Debug|x86 = Debug|x86
		Release|x64 = Release|x64
		Release|x86 = Release|x86
	EndGlobalSection
	GlobalSection(ProjectConfigurationPlatforms) = postSolution
		{98FF3F7A-6EA3-4E18-8E04-E737E9373AB9}.Debug|x64.ActiveCfg = Debug|x64
		{98FF3F7A-6EA3-4E18-8E04-E737E9373AB9}.Debug|x64.Build.0 = Debug|x64
		{98FF3F7A-6EA3-4E18-8E04-E737E9373AB9}.Debug|x86.ActiveCfg = Debug|Win32
		{98FF3F7A-6EA3-4E18-8E04-E737E9373AB9}.Debug|x86.Build.0 = Debug|Win32
		{98FF3F7A-6EA3-4E18-8E04-E737E9373AB9}.Release|x64.ActiveCfg = Release|x64
		{98FF3F7A-6EA3-4E18-8E04-E737E9373AB9}.Release|x64.Build.0 = Release|x64
		{98FF3F7A-6EA3-4E18-8E04-E737E9373AB9}.Release|x86.ActiveCfg = Release|Win32
		{98FF3F7A-6EA3-4E18-8E04-E737E9373AB9}.Release|x86.Build.0 = Release|Win32
	EndGlobalSection
	GlobalSection(SolutionProperties) = preSolution
		HideSolutionNode = FALSE
	EndGlobalSection
	GlobalSection(ExtensibilityGlobals) = postSolution
		SolutionGuid = {CB3D5408-5F88-427B-B8ED-E4FE21FA3B35}
	EndGlobalSection
EndGlobal
