Microsoft Visual Studio Solution File, Format Version 12.00
# Visual Studio Version 16
Project("{2150E333-8FDC-42A3-9474-1A3956D46DE8}") = "(base)", "(base)", "{4D091BEB-A76B-E8AB-36FD-0A80BA9DE97D}"
EndProject
Project("{2150E333-8FDC-42A3-9474-1A3956D46DE8}") = "bililive", "bililive", "{CA127179-388A-5DFD-3EE4-9882FA1EF246}"
EndProject
Project("{2150E333-8FDC-42A3-9474-1A3956D46DE8}") = "(strings)", "(strings)", "{C7F83F05-8335-05BC-FABC-52BB99106795}"
EndProject
Project("{2150E333-8FDC-42A3-9474-1A3956D46DE8}") = "(ui)", "(ui)", "{644B7826-0417-C19E-B1ED-C0BF73289DEE}"
EndProject
Project("{8BC9CEB8-8B4A-11D0-8D11-00A0C91BC942}") = "theme_resources_gen", "theme_resources_gen.vcxproj", "{12962112-3010-2091-5986-C4E0879CC54E}"
EndProject
Project("{8BC9CEB8-8B4A-11D0-8D11-00A0C91BC942}") = "ui_resources", "..\ui\ui_resources.vcxproj", "{8113E005-EFED-90AC-68E4-288040B365F9}"
EndProject
Project("{8BC9CEB8-8B4A-11D0-8D11-00A0C91BC942}") = "ui_strings", "..\ui\base\strings\ui_strings.vcxproj", "{22EEDCC1-56A5-E627-3E35-9123DA055541}"
EndProject
Project("{8BC9CEB8-8B4A-11D0-8D11-00A0C91BC942}") = "bililive_strings", "bililive_strings.vcxproj", "{8B8E514B-5B1E-4216-B142-8317DA7AD069}"
EndProject
Project("{8BC9CEB8-8B4A-11D0-8D11-00A0C91BC942}") = "bililive_version_resources", "bililive_version_resources.vcxproj", "{B46D9E5F-EB95-42EE-995D-6D726F06D6EB}"
EndProject
Project("{8BC9CEB8-8B4A-11D0-8D11-00A0C91BC942}") = "packed_resources", "packed_resources.vcxproj", "{5E7AFCC2-89FF-62E8-E092-05A8D6105883}"
	ProjectSection(ProjectDependencies) = postProject
		{8113E005-EFED-90AC-68E4-288040B365F9} = {8113E005-EFED-90AC-68E4-288040B365F9}
		{12962112-3010-2091-5986-C4E0879CC54E} = {12962112-3010-2091-5986-C4E0879CC54E}
		{8B8E514B-5B1E-4216-B142-8317DA7AD069} = {8B8E514B-5B1E-4216-B142-8317DA7AD069}
		{B46D9E5F-EB95-42EE-995D-6D726F06D6EB} = {B46D9E5F-EB95-42EE-995D-6D726F06D6EB}
		{22EEDCC1-56A5-E627-3E35-9123DA055541} = {22EEDCC1-56A5-E627-3E35-9123DA055541}
	EndProjectSection
EndProject
Global
	GlobalSection(SolutionConfigurationPlatforms) = preSolution
		Debug|Win32 = Debug|Win32
		Debug|x64 = Debug|x64
		Release|Win32 = Release|Win32
		Release|x64 = Release|x64
	EndGlobalSection
	GlobalSection(ProjectConfigurationPlatforms) = postSolution
		{12962112-3010-2091-5986-C4E0879CC54E}.Debug|Win32.ActiveCfg = Debug|Win32
		{12962112-3010-2091-5986-C4E0879CC54E}.Debug|Win32.Build.0 = Debug|Win32
		{12962112-3010-2091-5986-C4E0879CC54E}.Debug|x64.ActiveCfg = Debug|x64
		{12962112-3010-2091-5986-C4E0879CC54E}.Debug|x64.Build.0 = Debug|x64
		{12962112-3010-2091-5986-C4E0879CC54E}.Release|Win32.ActiveCfg = Release|Win32
		{12962112-3010-2091-5986-C4E0879CC54E}.Release|Win32.Build.0 = Release|Win32
		{12962112-3010-2091-5986-C4E0879CC54E}.Release|x64.ActiveCfg = Release|x64
		{12962112-3010-2091-5986-C4E0879CC54E}.Release|x64.Build.0 = Release|x64
		{8113E005-EFED-90AC-68E4-288040B365F9}.Debug|Win32.ActiveCfg = Debug|Win32
		{8113E005-EFED-90AC-68E4-288040B365F9}.Debug|Win32.Build.0 = Debug|Win32
		{8113E005-EFED-90AC-68E4-288040B365F9}.Debug|x64.ActiveCfg = Debug|x64
		{8113E005-EFED-90AC-68E4-288040B365F9}.Debug|x64.Build.0 = Debug|x64
		{8113E005-EFED-90AC-68E4-288040B365F9}.Release|Win32.ActiveCfg = Release|Win32
		{8113E005-EFED-90AC-68E4-288040B365F9}.Release|Win32.Build.0 = Release|Win32
		{8113E005-EFED-90AC-68E4-288040B365F9}.Release|x64.ActiveCfg = Release|x64
		{8113E005-EFED-90AC-68E4-288040B365F9}.Release|x64.Build.0 = Release|x64
		{22EEDCC1-56A5-E627-3E35-9123DA055541}.Debug|Win32.ActiveCfg = Debug|Win32
		{22EEDCC1-56A5-E627-3E35-9123DA055541}.Debug|Win32.Build.0 = Debug|Win32
		{22EEDCC1-56A5-E627-3E35-9123DA055541}.Debug|x64.ActiveCfg = Debug|x64
		{22EEDCC1-56A5-E627-3E35-9123DA055541}.Debug|x64.Build.0 = Debug|x64
		{22EEDCC1-56A5-E627-3E35-9123DA055541}.Release|Win32.ActiveCfg = Release|Win32
		{22EEDCC1-56A5-E627-3E35-9123DA055541}.Release|Win32.Build.0 = Release|Win32
		{22EEDCC1-56A5-E627-3E35-9123DA055541}.Release|x64.ActiveCfg = Release|x64
		{22EEDCC1-56A5-E627-3E35-9123DA055541}.Release|x64.Build.0 = Release|x64
		{8B8E514B-5B1E-4216-B142-8317DA7AD069}.Debug|Win32.ActiveCfg = Debug|Win32
		{8B8E514B-5B1E-4216-B142-8317DA7AD069}.Debug|Win32.Build.0 = Debug|Win32
		{8B8E514B-5B1E-4216-B142-8317DA7AD069}.Debug|x64.ActiveCfg = Debug|x64
		{8B8E514B-5B1E-4216-B142-8317DA7AD069}.Debug|x64.Build.0 = Debug|x64
		{8B8E514B-5B1E-4216-B142-8317DA7AD069}.Release|Win32.ActiveCfg = Release|Win32
		{8B8E514B-5B1E-4216-B142-8317DA7AD069}.Release|Win32.Build.0 = Release|Win32
		{8B8E514B-5B1E-4216-B142-8317DA7AD069}.Release|x64.ActiveCfg = Release|x64
		{8B8E514B-5B1E-4216-B142-8317DA7AD069}.Release|x64.Build.0 = Release|x64
		{B46D9E5F-EB95-42EE-995D-6D726F06D6EB}.Debug|Win32.ActiveCfg = Debug|Win32
		{B46D9E5F-EB95-42EE-995D-6D726F06D6EB}.Debug|Win32.Build.0 = Debug|Win32
		{B46D9E5F-EB95-42EE-995D-6D726F06D6EB}.Debug|x64.ActiveCfg = Debug|x64
		{B46D9E5F-EB95-42EE-995D-6D726F06D6EB}.Debug|x64.Build.0 = Debug|x64
		{B46D9E5F-EB95-42EE-995D-6D726F06D6EB}.Release|Win32.ActiveCfg = Release|Win32
		{B46D9E5F-EB95-42EE-995D-6D726F06D6EB}.Release|Win32.Build.0 = Release|Win32
		{B46D9E5F-EB95-42EE-995D-6D726F06D6EB}.Release|x64.ActiveCfg = Release|x64
		{B46D9E5F-EB95-42EE-995D-6D726F06D6EB}.Release|x64.Build.0 = Release|x64
		{5E7AFCC2-89FF-62E8-E092-05A8D6105883}.Debug|Win32.ActiveCfg = Debug|Win32
		{5E7AFCC2-89FF-62E8-E092-05A8D6105883}.Debug|Win32.Build.0 = Debug|Win32
		{5E7AFCC2-89FF-62E8-E092-05A8D6105883}.Debug|x64.ActiveCfg = Debug|x64
		{5E7AFCC2-89FF-62E8-E092-05A8D6105883}.Debug|x64.Build.0 = Debug|x64
		{5E7AFCC2-89FF-62E8-E092-05A8D6105883}.Release|Win32.ActiveCfg = Release|Win32
		{5E7AFCC2-89FF-62E8-E092-05A8D6105883}.Release|Win32.Build.0 = Release|Win32
		{5E7AFCC2-89FF-62E8-E092-05A8D6105883}.Release|x64.ActiveCfg = Release|x64
		{5E7AFCC2-89FF-62E8-E092-05A8D6105883}.Release|x64.Build.0 = Release|x64
	EndGlobalSection
	GlobalSection(SolutionProperties) = preSolution
		HideSolutionNode = FALSE
	EndGlobalSection
	GlobalSection(NestedProjects) = preSolution
		{4D091BEB-A76B-E8AB-36FD-0A80BA9DE97D} = {644B7826-0417-C19E-B1ED-C0BF73289DEE}
		{8113E005-EFED-90AC-68E4-288040B365F9} = {644B7826-0417-C19E-B1ED-C0BF73289DEE}
		{12962112-3010-2091-5986-C4E0879CC54E} = {CA127179-388A-5DFD-3EE4-9882FA1EF246}
		{8B8E514B-5B1E-4216-B142-8317DA7AD069} = {CA127179-388A-5DFD-3EE4-9882FA1EF246}
		{B46D9E5F-EB95-42EE-995D-6D726F06D6EB} = {CA127179-388A-5DFD-3EE4-9882FA1EF246}
		{5E7AFCC2-89FF-62E8-E092-05A8D6105883} = {CA127179-388A-5DFD-3EE4-9882FA1EF246}
		{C7F83F05-8335-05BC-FABC-52BB99106795} = {4D091BEB-A76B-E8AB-36FD-0A80BA9DE97D}
		{22EEDCC1-56A5-E627-3E35-9123DA055541} = {C7F83F05-8335-05BC-FABC-52BB99106795}
	EndGlobalSection
EndGlobal
