<?xml version="1.0" encoding="utf-8"?>
<Project ToolsVersion="4.0" xmlns="http://schemas.microsoft.com/developer/msbuild/2003">
  <ItemGroup>
    <ClCompile Include="secret\tests\main.cpp" />
    <ClCompile Include="secret\tests\fake_bililive_process.cpp" />
    <ClCompile Include="secret\tests\test_runner.cpp" />
    <ClCompile Include="secret\tests\services\app_service_unittest.cpp">
      <Filter>services</Filter>
    </ClCompile>
    <ClCompile Include="secret\tests\access_stub.cpp" />
    <ClCompile Include="common\bililive_logging.cpp">
      <Filter>common</Filter>
    </ClCompile>
    <ClCompile Include="public\common\bililive_constants.cc">
      <Filter>common</Filter>
    </ClCompile>
    <ClCompile Include="secret\tests\services\live_streaming_service_unittest.cpp">
      <Filter>services</Filter>
    </ClCompile>
  </ItemGroup>
  <ItemGroup>
    <ClInclude Include="secret\tests\fake_bililive_process.h" />
    <ClInclude Include="secret\tests\test_runner.h" />
    <ClInclude Include="secret\tests\access_stub.h" />
    <ClInclude Include="common\bililive_logging.h">
      <Filter>common</Filter>
    </ClInclude>
    <ClInclude Include="public\common\bililive_constants.h">
      <Filter>common</Filter>
    </ClInclude>
  </ItemGroup>
  <ItemGroup>
    <Filter Include="services">
      <UniqueIdentifier>{264c03fe-2454-44ef-becd-3e094db52675}</UniqueIdentifier>
    </Filter>
    <Filter Include="common">
      <UniqueIdentifier>{7ddaa65d-9b53-4bfc-895d-affd86c384ef}</UniqueIdentifier>
    </Filter>
  </ItemGroup>
</Project>