<?xml version="1.0" encoding="utf-8"?>
<Project ToolsVersion="4.0" xmlns="http://schemas.microsoft.com/developer/msbuild/2003">
  <ItemGroup>
    <ClCompile Include="module-entry.cpp" />
    <ClCompile Include="obs-texture-renderer-source.cpp" />
    <ClCompile Include="texture_service_impl.cpp" />
  </ItemGroup>
  <ItemGroup>
    <ClInclude Include="texture_service_impl.h" />
    <ClInclude Include="texture-service.h" />
  </ItemGroup>
</Project>