Microsoft Visual Studio Solution File, Format Version 11.00
# Visual Studio 2010
Project("{2150E333-8FDC-42A3-9474-1A3956D46DE8}") = "(base)", "..\..\base", "{9785FB75-982A-5DE3-252D-3F288B9FEF5B}"
EndProject
Project("{2150E333-8FDC-42A3-9474-1A3956D46DE8}") = "(native_client)", "..\..\native_client", "{829C43DA-1372-614D-F044-340432AECC41}"
EndProject
Project("{8BC9CEB8-8B4A-11D0-8D11-00A0C91BC942}") = "base_untrusted", "base_untrusted.vcxproj", "{96CB1ECE-1777-3988-4343-09DBB4FC336E}"
	ProjectSection(ProjectDependencies) = postProject
		{A114B4B4-5B69-13E9-0734-DBF1F40EE8D3} = {A114B4B4-5B69-13E9-0734-DBF1F40EE8D3}
	EndProjectSection
EndProject
Project("{8BC9CEB8-8B4A-11D0-8D11-00A0C91BC942}") = "crt_fini_32", "..\native_client\crt_fini_32.vcxproj", "{B3B24644-6E19-6135-8F64-2F01E0F067B9}"
	ProjectSection(ProjectDependencies) = postProject
		{95AB2C9A-16AE-2403-CCE6-918678735A8E} = {95AB2C9A-16AE-2403-CCE6-918678735A8E}
		{31710F00-E71B-ACFC-30DF-7E5DE8BCAAB6} = {31710F00-E71B-ACFC-30DF-7E5DE8BCAAB6}
	EndProjectSection
EndProject
Project("{8BC9CEB8-8B4A-11D0-8D11-00A0C91BC942}") = "crt_fini_64", "..\native_client\crt_fini_64.vcxproj", "{D2D2C77B-562C-617C-2C09-3F71D67BCF04}"
	ProjectSection(ProjectDependencies) = postProject
		{95AB2C9A-16AE-2403-CCE6-918678735A8E} = {95AB2C9A-16AE-2403-CCE6-918678735A8E}
		{31710F00-E71B-ACFC-30DF-7E5DE8BCAAB6} = {31710F00-E71B-ACFC-30DF-7E5DE8BCAAB6}
	EndProjectSection
EndProject
Project("{8BC9CEB8-8B4A-11D0-8D11-00A0C91BC942}") = "crt_init_32", "..\native_client\crt_init_32.vcxproj", "{DDD678EE-D30C-FFD7-2A00-048CAAA76345}"
	ProjectSection(ProjectDependencies) = postProject
		{95AB2C9A-16AE-2403-CCE6-918678735A8E} = {95AB2C9A-16AE-2403-CCE6-918678735A8E}
		{31710F00-E71B-ACFC-30DF-7E5DE8BCAAB6} = {31710F00-E71B-ACFC-30DF-7E5DE8BCAAB6}
	EndProjectSection
EndProject
Project("{8BC9CEB8-8B4A-11D0-8D11-00A0C91BC942}") = "crt_init_64", "..\native_client\crt_init_64.vcxproj", "{6C11FD0C-9D71-2A1F-90CE-B06FE99207F7}"
	ProjectSection(ProjectDependencies) = postProject
		{95AB2C9A-16AE-2403-CCE6-918678735A8E} = {95AB2C9A-16AE-2403-CCE6-918678735A8E}
		{31710F00-E71B-ACFC-30DF-7E5DE8BCAAB6} = {31710F00-E71B-ACFC-30DF-7E5DE8BCAAB6}
	EndProjectSection
EndProject
Project("{8BC9CEB8-8B4A-11D0-8D11-00A0C91BC942}") = "prep_nacl_sdk", "..\native_client\prep_nacl_sdk.vcxproj", "{31710F00-E71B-ACFC-30DF-7E5DE8BCAAB6}"
	ProjectSection(ProjectDependencies) = postProject
		{95AB2C9A-16AE-2403-CCE6-918678735A8E} = {95AB2C9A-16AE-2403-CCE6-918678735A8E}
	EndProjectSection
EndProject
Project("{8BC9CEB8-8B4A-11D0-8D11-00A0C91BC942}") = "prep_toolchain", "..\native_client\prep_toolchain.vcxproj", "{A114B4B4-5B69-13E9-0734-DBF1F40EE8D3}"
	ProjectSection(ProjectDependencies) = postProject
		{95AB2C9A-16AE-2403-CCE6-918678735A8E} = {95AB2C9A-16AE-2403-CCE6-918678735A8E}
		{31710F00-E71B-ACFC-30DF-7E5DE8BCAAB6} = {31710F00-E71B-ACFC-30DF-7E5DE8BCAAB6}
		{DDD678EE-D30C-FFD7-2A00-048CAAA76345} = {DDD678EE-D30C-FFD7-2A00-048CAAA76345}
		{B3B24644-6E19-6135-8F64-2F01E0F067B9} = {B3B24644-6E19-6135-8F64-2F01E0F067B9}
		{6C11FD0C-9D71-2A1F-90CE-B06FE99207F7} = {6C11FD0C-9D71-2A1F-90CE-B06FE99207F7}
		{D2D2C77B-562C-617C-2C09-3F71D67BCF04} = {D2D2C77B-562C-617C-2C09-3F71D67BCF04}
	EndProjectSection
EndProject
Project("{8BC9CEB8-8B4A-11D0-8D11-00A0C91BC942}") = "untar_toolchains", "..\native_client\untar_toolchains.vcxproj", "{95AB2C9A-16AE-2403-CCE6-918678735A8E}"
EndProject
Global
	GlobalSection(SolutionConfigurationPlatforms) = preSolution
		Release|x64 = Release|x64
		Debug|Win32 = Debug|Win32
		Debug|x64 = Debug|x64
		Release|Win32 = Release|Win32
	EndGlobalSection
	GlobalSection(ProjectConfigurationPlatforms) = postSolution
		{31710F00-E71B-ACFC-30DF-7E5DE8BCAAB6}.Release|x64.ActiveCfg = Release|x64
		{31710F00-E71B-ACFC-30DF-7E5DE8BCAAB6}.Release|x64.Build.0 = Release|x64
		{31710F00-E71B-ACFC-30DF-7E5DE8BCAAB6}.Debug|Win32.ActiveCfg = Debug|Win32
		{31710F00-E71B-ACFC-30DF-7E5DE8BCAAB6}.Debug|Win32.Build.0 = Debug|Win32
		{31710F00-E71B-ACFC-30DF-7E5DE8BCAAB6}.Debug|x64.ActiveCfg = Debug|x64
		{31710F00-E71B-ACFC-30DF-7E5DE8BCAAB6}.Debug|x64.Build.0 = Debug|x64
		{31710F00-E71B-ACFC-30DF-7E5DE8BCAAB6}.Release|Win32.ActiveCfg = Release|Win32
		{31710F00-E71B-ACFC-30DF-7E5DE8BCAAB6}.Release|Win32.Build.0 = Release|Win32
		{6C11FD0C-9D71-2A1F-90CE-B06FE99207F7}.Release|x64.ActiveCfg = Release|x64
		{6C11FD0C-9D71-2A1F-90CE-B06FE99207F7}.Release|x64.Build.0 = Release|x64
		{6C11FD0C-9D71-2A1F-90CE-B06FE99207F7}.Debug|Win32.ActiveCfg = Debug|Win32
		{6C11FD0C-9D71-2A1F-90CE-B06FE99207F7}.Debug|Win32.Build.0 = Debug|Win32
		{6C11FD0C-9D71-2A1F-90CE-B06FE99207F7}.Debug|x64.ActiveCfg = Debug|x64
		{6C11FD0C-9D71-2A1F-90CE-B06FE99207F7}.Debug|x64.Build.0 = Debug|x64
		{6C11FD0C-9D71-2A1F-90CE-B06FE99207F7}.Release|Win32.ActiveCfg = Release|Win32
		{6C11FD0C-9D71-2A1F-90CE-B06FE99207F7}.Release|Win32.Build.0 = Release|Win32
		{95AB2C9A-16AE-2403-CCE6-918678735A8E}.Release|x64.ActiveCfg = Release|x64
		{95AB2C9A-16AE-2403-CCE6-918678735A8E}.Release|x64.Build.0 = Release|x64
		{95AB2C9A-16AE-2403-CCE6-918678735A8E}.Debug|Win32.ActiveCfg = Debug|Win32
		{95AB2C9A-16AE-2403-CCE6-918678735A8E}.Debug|Win32.Build.0 = Debug|Win32
		{95AB2C9A-16AE-2403-CCE6-918678735A8E}.Debug|x64.ActiveCfg = Debug|x64
		{95AB2C9A-16AE-2403-CCE6-918678735A8E}.Debug|x64.Build.0 = Debug|x64
		{95AB2C9A-16AE-2403-CCE6-918678735A8E}.Release|Win32.ActiveCfg = Release|Win32
		{95AB2C9A-16AE-2403-CCE6-918678735A8E}.Release|Win32.Build.0 = Release|Win32
		{96CB1ECE-1777-3988-4343-09DBB4FC336E}.Release|x64.ActiveCfg = Release|x64
		{96CB1ECE-1777-3988-4343-09DBB4FC336E}.Release|x64.Build.0 = Release|x64
		{96CB1ECE-1777-3988-4343-09DBB4FC336E}.Debug|Win32.ActiveCfg = Debug|Win32
		{96CB1ECE-1777-3988-4343-09DBB4FC336E}.Debug|Win32.Build.0 = Debug|Win32
		{96CB1ECE-1777-3988-4343-09DBB4FC336E}.Debug|x64.ActiveCfg = Debug|x64
		{96CB1ECE-1777-3988-4343-09DBB4FC336E}.Debug|x64.Build.0 = Debug|x64
		{96CB1ECE-1777-3988-4343-09DBB4FC336E}.Release|Win32.ActiveCfg = Release|Win32
		{96CB1ECE-1777-3988-4343-09DBB4FC336E}.Release|Win32.Build.0 = Release|Win32
		{A114B4B4-5B69-13E9-0734-DBF1F40EE8D3}.Release|x64.ActiveCfg = Release|x64
		{A114B4B4-5B69-13E9-0734-DBF1F40EE8D3}.Release|x64.Build.0 = Release|x64
		{A114B4B4-5B69-13E9-0734-DBF1F40EE8D3}.Debug|Win32.ActiveCfg = Debug|Win32
		{A114B4B4-5B69-13E9-0734-DBF1F40EE8D3}.Debug|Win32.Build.0 = Debug|Win32
		{A114B4B4-5B69-13E9-0734-DBF1F40EE8D3}.Debug|x64.ActiveCfg = Debug|x64
		{A114B4B4-5B69-13E9-0734-DBF1F40EE8D3}.Debug|x64.Build.0 = Debug|x64
		{A114B4B4-5B69-13E9-0734-DBF1F40EE8D3}.Release|Win32.ActiveCfg = Release|Win32
		{A114B4B4-5B69-13E9-0734-DBF1F40EE8D3}.Release|Win32.Build.0 = Release|Win32
		{B3B24644-6E19-6135-8F64-2F01E0F067B9}.Release|x64.ActiveCfg = Release|x64
		{B3B24644-6E19-6135-8F64-2F01E0F067B9}.Release|x64.Build.0 = Release|x64
		{B3B24644-6E19-6135-8F64-2F01E0F067B9}.Debug|Win32.ActiveCfg = Debug|Win32
		{B3B24644-6E19-6135-8F64-2F01E0F067B9}.Debug|Win32.Build.0 = Debug|Win32
		{B3B24644-6E19-6135-8F64-2F01E0F067B9}.Debug|x64.ActiveCfg = Debug|x64
		{B3B24644-6E19-6135-8F64-2F01E0F067B9}.Debug|x64.Build.0 = Debug|x64
		{B3B24644-6E19-6135-8F64-2F01E0F067B9}.Release|Win32.ActiveCfg = Release|Win32
		{B3B24644-6E19-6135-8F64-2F01E0F067B9}.Release|Win32.Build.0 = Release|Win32
		{D2D2C77B-562C-617C-2C09-3F71D67BCF04}.Release|x64.ActiveCfg = Release|x64
		{D2D2C77B-562C-617C-2C09-3F71D67BCF04}.Release|x64.Build.0 = Release|x64
		{D2D2C77B-562C-617C-2C09-3F71D67BCF04}.Debug|Win32.ActiveCfg = Debug|Win32
		{D2D2C77B-562C-617C-2C09-3F71D67BCF04}.Debug|Win32.Build.0 = Debug|Win32
		{D2D2C77B-562C-617C-2C09-3F71D67BCF04}.Debug|x64.ActiveCfg = Debug|x64
		{D2D2C77B-562C-617C-2C09-3F71D67BCF04}.Debug|x64.Build.0 = Debug|x64
		{D2D2C77B-562C-617C-2C09-3F71D67BCF04}.Release|Win32.ActiveCfg = Release|Win32
		{D2D2C77B-562C-617C-2C09-3F71D67BCF04}.Release|Win32.Build.0 = Release|Win32
		{DDD678EE-D30C-FFD7-2A00-048CAAA76345}.Release|x64.ActiveCfg = Release|x64
		{DDD678EE-D30C-FFD7-2A00-048CAAA76345}.Release|x64.Build.0 = Release|x64
		{DDD678EE-D30C-FFD7-2A00-048CAAA76345}.Debug|Win32.ActiveCfg = Debug|Win32
		{DDD678EE-D30C-FFD7-2A00-048CAAA76345}.Debug|Win32.Build.0 = Debug|Win32
		{DDD678EE-D30C-FFD7-2A00-048CAAA76345}.Debug|x64.ActiveCfg = Debug|x64
		{DDD678EE-D30C-FFD7-2A00-048CAAA76345}.Debug|x64.Build.0 = Debug|x64
		{DDD678EE-D30C-FFD7-2A00-048CAAA76345}.Release|Win32.ActiveCfg = Release|Win32
		{DDD678EE-D30C-FFD7-2A00-048CAAA76345}.Release|Win32.Build.0 = Release|Win32
	EndGlobalSection
	GlobalSection(SolutionProperties) = preSolution
		HideSolutionNode = FALSE
	EndGlobalSection
	GlobalSection(NestedProjects) = preSolution
		{96CB1ECE-1777-3988-4343-09DBB4FC336E} = {9785FB75-982A-5DE3-252D-3F288B9FEF5B}
		{B3B24644-6E19-6135-8F64-2F01E0F067B9} = {829C43DA-1372-614D-F044-340432AECC41}
		{D2D2C77B-562C-617C-2C09-3F71D67BCF04} = {829C43DA-1372-614D-F044-340432AECC41}
		{DDD678EE-D30C-FFD7-2A00-048CAAA76345} = {829C43DA-1372-614D-F044-340432AECC41}
		{6C11FD0C-9D71-2A1F-90CE-B06FE99207F7} = {829C43DA-1372-614D-F044-340432AECC41}
		{31710F00-E71B-ACFC-30DF-7E5DE8BCAAB6} = {829C43DA-1372-614D-F044-340432AECC41}
		{A114B4B4-5B69-13E9-0734-DBF1F40EE8D3} = {829C43DA-1372-614D-F044-340432AECC41}
		{95AB2C9A-16AE-2403-CCE6-918678735A8E} = {829C43DA-1372-614D-F044-340432AECC41}
	EndGlobalSection
EndGlobal
